// !$*UTF8*$!
{
	archiveVersion = 1;
	classes = {
	};
	objectVersion = 56;
	objects = {

/* Begin PBXBuildFile section */
		9E0222102C7A513A0022B50E /* FirebasePerformance in Frameworks */ = {isa = PBXBuildFile; productRef = 9E02220F2C7A513A0022B50E /* FirebasePerformance */; };
		9E181E7E2C71296C00ED6150 /* CoreMetrics in Frameworks */ = {isa = PBXBuildFile; productRef = 9E181E7D2C71296C00ED6150 /* CoreMetrics */; };
		9E181E802C71296C00ED6150 /* Metrics in Frameworks */ = {isa = PBXBuildFile; productRef = 9E181E7F2C71296C00ED6150 /* Metrics */; };
		9E181E852C712A7800ED6150 /* Prometheus in Frameworks */ = {isa = PBXBuildFile; productRef = 9E181E842C712A7800ED6150 /* Prometheus */; };
		9E1ED62E2CFA31A2002584A4 /* AdvancedImageScanResult.swift in Sources */ = {isa = PBXBuildFile; fileRef = D8442ACA2CF69CB60087450B /* AdvancedImageScanResult.swift */; };
		9E1ED62F2CFA31A2002584A4 /* AdvancedImageScanResult.swift in Sources */ = {isa = PBXBuildFile; fileRef = D8442ACA2CF69CB60087450B /* AdvancedImageScanResult.swift */; };
		9E1ED6302CFA31CB002584A4 /* ErrorCode.swift in Sources */ = {isa = PBXBuildFile; fileRef = D86DAA2B2CE10A0F00D35D7E /* ErrorCode.swift */; };
		9E1ED6312CFA31CB002584A4 /* ErrorCode.swift in Sources */ = {isa = PBXBuildFile; fileRef = D86DAA2B2CE10A0F00D35D7E /* ErrorCode.swift */; };
		9E1ED6322CFA31D5002584A4 /* ScanType.swift in Sources */ = {isa = PBXBuildFile; fileRef = D8442AC82CF698740087450B /* ScanType.swift */; };
		9E1ED6332CFA31D5002584A4 /* ScanType.swift in Sources */ = {isa = PBXBuildFile; fileRef = D8442AC82CF698740087450B /* ScanType.swift */; };
		9E1ED6342CFA31DB002584A4 /* LogFieldType.swift in Sources */ = {isa = PBXBuildFile; fileRef = D841CC332CE132B000A02B5D /* LogFieldType.swift */; };
		9E1ED6352CFA31DB002584A4 /* LogFieldType.swift in Sources */ = {isa = PBXBuildFile; fileRef = D841CC332CE132B000A02B5D /* LogFieldType.swift */; };
		9E1ED6362CFA31E2002584A4 /* AnalyzeResult.swift in Sources */ = {isa = PBXBuildFile; fileRef = D88DE89F2ABBE16A0080D5EB /* AnalyzeResult.swift */; };
		9E1ED6372CFA31E2002584A4 /* AnalyzeResult.swift in Sources */ = {isa = PBXBuildFile; fileRef = D88DE89F2ABBE16A0080D5EB /* AnalyzeResult.swift */; };
		9E1ED6382CFA31E7002584A4 /* ImageDetail.swift in Sources */ = {isa = PBXBuildFile; fileRef = D84FF5CB2AB7546D009B2ACB /* ImageDetail.swift */; };
		9E1ED6392CFA31E7002584A4 /* ImageDetail.swift in Sources */ = {isa = PBXBuildFile; fileRef = D84FF5CB2AB7546D009B2ACB /* ImageDetail.swift */; };
		9E1ED63A2CFA31EB002584A4 /* LogFieldMetadata.swift in Sources */ = {isa = PBXBuildFile; fileRef = D841CC352CE132FB00A02B5D /* LogFieldMetadata.swift */; };
		9E1ED63B2CFA31EB002584A4 /* LogFieldMetadata.swift in Sources */ = {isa = PBXBuildFile; fileRef = D841CC352CE132FB00A02B5D /* LogFieldMetadata.swift */; };
		9E1ED63C2CFA31F0002584A4 /* SimpleImageScanResult.swift in Sources */ = {isa = PBXBuildFile; fileRef = D8EA04E92CF3A9D600FE8EA5 /* SimpleImageScanResult.swift */; };
		9E1ED63D2CFA31F0002584A4 /* SimpleImageScanResult.swift in Sources */ = {isa = PBXBuildFile; fileRef = D8EA04E92CF3A9D600FE8EA5 /* SimpleImageScanResult.swift */; };
		9E1ED63E2CFA31F4002584A4 /* User.swift in Sources */ = {isa = PBXBuildFile; fileRef = D836F9422B0153B6000FC988 /* User.swift */; };
		9E1ED63F2CFA31F4002584A4 /* User.swift in Sources */ = {isa = PBXBuildFile; fileRef = D836F9422B0153B6000FC988 /* User.swift */; };
		9E25DF552D7E11840012983B /* EditableLogData.swift in Sources */ = {isa = PBXBuildFile; fileRef = 9E25DF542D7E11840012983B /* EditableLogData.swift */; };
		9E25DF572D7E11B70012983B /* LogsView.swift in Sources */ = {isa = PBXBuildFile; fileRef = 9E25DF562D7E11B70012983B /* LogsView.swift */; };
		9E25DF592D7E11C90012983B /* LogTabView.swift in Sources */ = {isa = PBXBuildFile; fileRef = 9E25DF582D7E11C90012983B /* LogTabView.swift */; };
		9E4A085C2BEFE42900EC7C17 /* SampleResultResponse.json in Resources */ = {isa = PBXBuildFile; fileRef = 9E5A6EF22BD4491900FEF9A1 /* SampleResultResponse.json */; };
		9E4A085D2BEFE48300EC7C17 /* custom-layout.json in Resources */ = {isa = PBXBuildFile; fileRef = D8DD98232AA81F4100F43034 /* custom-layout.json */; };
		9E4A085E2BEFE48300EC7C17 /* ExampleGetAnalyzeResultFormLayout.json in Resources */ = {isa = PBXBuildFile; fileRef = D879524E2AA3D49F0076E898 /* ExampleGetAnalyzeResultFormLayout.json */; };
		9E4A085F2BEFE48300EC7C17 /* SampleResultResponse.json in Resources */ = {isa = PBXBuildFile; fileRef = 9E5A6EF22BD4491900FEF9A1 /* SampleResultResponse.json */; };
		9E4A08602BEFE48B00EC7C17 /* custom-layout.json in Resources */ = {isa = PBXBuildFile; fileRef = D8DD98232AA81F4100F43034 /* custom-layout.json */; };
		9E4A08612BEFE48B00EC7C17 /* ExampleGetAnalyzeResultFormLayout.json in Resources */ = {isa = PBXBuildFile; fileRef = D879524E2AA3D49F0076E898 /* ExampleGetAnalyzeResultFormLayout.json */; };
		9E4A08622BEFE48B00EC7C17 /* SampleResultResponse.json in Resources */ = {isa = PBXBuildFile; fileRef = 9E5A6EF22BD4491900FEF9A1 /* SampleResultResponse.json */; };
		9E4A08642BEFE79B00EC7C17 /* SettingsButtonView.swift in Sources */ = {isa = PBXBuildFile; fileRef = 9E4A08632BEFE79B00EC7C17 /* SettingsButtonView.swift */; };
		9E81E8542AB7EA2800524C29 /* AdvancedImageScanner.swift in Sources */ = {isa = PBXBuildFile; fileRef = 9E81E8532AB7EA2800524C29 /* AdvancedImageScanner.swift */; };
		9EB795DC2D6260FA008B351C /* LogData.swift in Sources */ = {isa = PBXBuildFile; fileRef = 9EB795DB2D6260FA008B351C /* LogData.swift */; };
		9EB795DD2D6260FA008B351C /* LogData.swift in Sources */ = {isa = PBXBuildFile; fileRef = 9EB795DB2D6260FA008B351C /* LogData.swift */; };
		9EB795DE2D6260FA008B351C /* LogData.swift in Sources */ = {isa = PBXBuildFile; fileRef = 9EB795DB2D6260FA008B351C /* LogData.swift */; };
		9EC2454D2CE12EDD0006269B /* Flight_TracerUITestsE2E.swift in Sources */ = {isa = PBXBuildFile; fileRef = 9EC2454C2CE12EDD0006269B /* Flight_TracerUITestsE2E.swift */; };
		D8028B372AAC1278004FFD02 /* SimpleImageScanner.swift in Sources */ = {isa = PBXBuildFile; fileRef = D8028B362AAC1278004FFD02 /* SimpleImageScanner.swift */; };
		D803E2282B24C8CF001B5100 /* CustomEmailEntryViewController.swift in Sources */ = {isa = PBXBuildFile; fileRef = D803E2272B24C8CF001B5100 /* CustomEmailEntryViewController.swift */; };
		D803E22A2B26784A001B5100 /* CustomPasswordRecoveryViewController.swift in Sources */ = {isa = PBXBuildFile; fileRef = D803E2292B26784A001B5100 /* CustomPasswordRecoveryViewController.swift */; };
		D803E22C2B267857001B5100 /* CustomPasswordSignInViewController.swift in Sources */ = {isa = PBXBuildFile; fileRef = D803E22B2B267857001B5100 /* CustomPasswordSignInViewController.swift */; };
		D803E22E2B267861001B5100 /* CustomPasswordSignUpViewController.swift in Sources */ = {isa = PBXBuildFile; fileRef = D803E22D2B267861001B5100 /* CustomPasswordSignUpViewController.swift */; };
		D803E2302B26786C001B5100 /* CustomPasswordVerificationViewController.swift in Sources */ = {isa = PBXBuildFile; fileRef = D803E22F2B26786C001B5100 /* CustomPasswordVerificationViewController.swift */; };
		D8110EDC2CE90D6000C76D7B /* PhoneSettingsAlert.swift in Sources */ = {isa = PBXBuildFile; fileRef = D8110EDB2CE90D6000C76D7B /* PhoneSettingsAlert.swift */; };
		D8110EE22CE90ED300C76D7B /* CameraPermissionManager.swift in Sources */ = {isa = PBXBuildFile; fileRef = D8110EE12CE90ECE00C76D7B /* CameraPermissionManager.swift */; };
		D81FA38D2B2287F60082B178 /* CustomAuthPickerViewController.swift in Sources */ = {isa = PBXBuildFile; fileRef = D81FA38C2B2287F60082B178 /* CustomAuthPickerViewController.swift */; };
		D8328D382D3C28520060F7DC /* ImagePlaceholderView.swift in Sources */ = {isa = PBXBuildFile; fileRef = D8328D372D3C28490060F7DC /* ImagePlaceholderView.swift */; };
		D836F9412B01520F000FC988 /* AppCoordinator.swift in Sources */ = {isa = PBXBuildFile; fileRef = D836F9402B01520F000FC988 /* AppCoordinator.swift */; };
		D836F9432B0153B6000FC988 /* User.swift in Sources */ = {isa = PBXBuildFile; fileRef = D836F9422B0153B6000FC988 /* User.swift */; };
		D83C3CEF2B13ACF80094EEAE /* FirebaseAuth in Frameworks */ = {isa = PBXBuildFile; productRef = D83C3CEE2B13ACF80094EEAE /* FirebaseAuth */; };
		D83C3CF62B13B6F70094EEAE /* FirebaseAuthUI in Frameworks */ = {isa = PBXBuildFile; productRef = D83C3CF52B13B6F70094EEAE /* FirebaseAuthUI */; };
		D83C3CF82B13B6F70094EEAE /* FirebaseEmailAuthUI in Frameworks */ = {isa = PBXBuildFile; productRef = D83C3CF72B13B6F70094EEAE /* FirebaseEmailAuthUI */; };
		D83C3CFA2B13B6F70094EEAE /* FirebaseGoogleAuthUI in Frameworks */ = {isa = PBXBuildFile; productRef = D83C3CF92B13B6F70094EEAE /* FirebaseGoogleAuthUI */; };
		D83C3CFC2B13B6F70094EEAE /* FirebaseOAuthUI in Frameworks */ = {isa = PBXBuildFile; productRef = D83C3CFB2B13B6F70094EEAE /* FirebaseOAuthUI */; };
		D83C3CFE2B13C3C90094EEAE /* LoginPageView.swift in Sources */ = {isa = PBXBuildFile; fileRef = D83C3CFD2B13C3C90094EEAE /* LoginPageView.swift */; };
		D83C76672CEA4E5700DDAACD /* Color+Extensions.swift in Sources */ = {isa = PBXBuildFile; fileRef = D83C76662CEA4E5300DDAACD /* Color+Extensions.swift */; };
		D83C76692CEA679100DDAACD /* ScanViewModel.swift in Sources */ = {isa = PBXBuildFile; fileRef = D83C76682CEA678D00DDAACD /* ScanViewModel.swift */; };
		D83C766B2CEAB6F700DDAACD /* PhotoPermissionsManager.swift in Sources */ = {isa = PBXBuildFile; fileRef = D83C766A2CEAB6F300DDAACD /* PhotoPermissionsManager.swift */; };
		D83C766F2CEC36E800DDAACD /* PhotoPickerViewController.swift in Sources */ = {isa = PBXBuildFile; fileRef = D83C766E2CEC36D900DDAACD /* PhotoPickerViewController.swift */; };
		D83C76712CEC412900DDAACD /* PhotoPickerViewModel.swift in Sources */ = {isa = PBXBuildFile; fileRef = D83C76702CEC412400DDAACD /* PhotoPickerViewModel.swift */; };
		D841CC2C2CE1251400A02B5D /* AuthManager.swift in Sources */ = {isa = PBXBuildFile; fileRef = D841CC2B2CE1251100A02B5D /* AuthManager.swift */; };
		D841CC342CE132BB00A02B5D /* LogFieldType.swift in Sources */ = {isa = PBXBuildFile; fileRef = D841CC332CE132B000A02B5D /* LogFieldType.swift */; };
		D841CC362CE1330200A02B5D /* LogFieldMetadata.swift in Sources */ = {isa = PBXBuildFile; fileRef = D841CC352CE132FB00A02B5D /* LogFieldMetadata.swift */; };
		D8442AC92CF6987A0087450B /* ScanType.swift in Sources */ = {isa = PBXBuildFile; fileRef = D8442AC82CF698740087450B /* ScanType.swift */; };
		D8442ACB2CF69CBB0087450B /* AdvancedImageScanResult.swift in Sources */ = {isa = PBXBuildFile; fileRef = D8442ACA2CF69CB60087450B /* AdvancedImageScanResult.swift */; };
		D8442AD22CF7D6F40087450B /* HardcodedImageScanner.swift in Sources */ = {isa = PBXBuildFile; fileRef = D8442AD12CF7D6F00087450B /* HardcodedImageScanner.swift */; };
		D8442AD32CF7D6F40087450B /* HardcodedImageScanner.swift in Sources */ = {isa = PBXBuildFile; fileRef = D8442AD12CF7D6F00087450B /* HardcodedImageScanner.swift */; };
		D8442AD42CF7D6F40087450B /* HardcodedImageScanner.swift in Sources */ = {isa = PBXBuildFile; fileRef = D8442AD12CF7D6F00087450B /* HardcodedImageScanner.swift */; };
		D84FF5C72AAFF7FA009B2ACB /* PhotoPickerView.swift in Sources */ = {isa = PBXBuildFile; fileRef = D84FF5C62AAFF7FA009B2ACB /* PhotoPickerView.swift */; };
		D84FF5CC2AB7546D009B2ACB /* ImageDetail.swift in Sources */ = {isa = PBXBuildFile; fileRef = D84FF5CB2AB7546D009B2ACB /* ImageDetail.swift */; };
		D86B85BC2C95EFC2002E8C13 /* Magnolia Script.otf in Resources */ = {isa = PBXBuildFile; fileRef = D86B85BB2C95EFC2002E8C13 /* Magnolia Script.otf */; };
		D86DAA2C2CE10A1200D35D7E /* ErrorCode.swift in Sources */ = {isa = PBXBuildFile; fileRef = D86DAA2B2CE10A0F00D35D7E /* ErrorCode.swift */; };
		D86EF48D2C5FF0050093E18D /* LogSwiperView.swift in Sources */ = {isa = PBXBuildFile; fileRef = D86EF48C2C5FF0050093E18D /* LogSwiperView.swift */; };
		D879525C2AA3D5690076E898 /* ImageHintsView.swift in Sources */ = {isa = PBXBuildFile; fileRef = D87952562AA3D49F0076E898 /* ImageHintsView.swift */; };
		D879525E2AA3D5690076E898 /* ImagePresentationView.swift in Sources */ = {isa = PBXBuildFile; fileRef = D87952582AA3D49F0076E898 /* ImagePresentationView.swift */; };
		D87952602AA3D5690076E898 /* AuthenticatedView.swift in Sources */ = {isa = PBXBuildFile; fileRef = D879525A2AA3D49F0076E898 /* AuthenticatedView.swift */; };
		D87952642AA3D5690076E898 /* ImageTextRecognizer.swift in Sources */ = {isa = PBXBuildFile; fileRef = D879523E2AA3D49F0076E898 /* ImageTextRecognizer.swift */; };
		D87952652AA3D5690076E898 /* LogSwiperViewModel.swift in Sources */ = {isa = PBXBuildFile; fileRef = D879523F2AA3D49F0076E898 /* LogSwiperViewModel.swift */; };
		D87952662AA3D5690076E898 /* CsvCreator.swift in Sources */ = {isa = PBXBuildFile; fileRef = D87952412AA3D49F0076E898 /* CsvCreator.swift */; };
		D879526A2AA3D5690076E898 /* Flight_TracerApp.swift in Sources */ = {isa = PBXBuildFile; fileRef = D879524F2AA3D49F0076E898 /* Flight_TracerApp.swift */; };
		D8831E122CFBA7EE00F7ADFF /* LogRowViewModel.swift in Sources */ = {isa = PBXBuildFile; fileRef = D8831E112CFBA7E600F7ADFF /* LogRowViewModel.swift */; };
		D885E5D32C8CC2750088D1CD /* Assets.xcassets in Resources */ = {isa = PBXBuildFile; fileRef = D87952472AA3D49F0076E898 /* Assets.xcassets */; };
		D88804EE2D29F00200EB0A56 /* Mantis in Frameworks */ = {isa = PBXBuildFile; productRef = D88804ED2D29F00200EB0A56 /* Mantis */; };
		D88804F02D29F24D00EB0A56 /* CropperViewController.swift in Sources */ = {isa = PBXBuildFile; fileRef = D88804EF2D29F24B00EB0A56 /* CropperViewController.swift */; };
		D88804F22D29F36600EB0A56 /* CropperView.swift in Sources */ = {isa = PBXBuildFile; fileRef = D88804F12D29F36300EB0A56 /* CropperView.swift */; };
		D88DE8A02ABBE16A0080D5EB /* AnalyzeResult.swift in Sources */ = {isa = PBXBuildFile; fileRef = D88DE89F2ABBE16A0080D5EB /* AnalyzeResult.swift */; };
		D88DE8A32ABBE1E40080D5EB /* ScanButtonView.swift in Sources */ = {isa = PBXBuildFile; fileRef = D88DE8A22ABBE1E40080D5EB /* ScanButtonView.swift */; };
		D88DE8A52AC0AF7F0080D5EB /* ExportButtonView.swift in Sources */ = {isa = PBXBuildFile; fileRef = D88DE8A42AC0AF7F0080D5EB /* ExportButtonView.swift */; };
		D896A0F82CF116FB003AA2F8 /* Image+Extensions.swift in Sources */ = {isa = PBXBuildFile; fileRef = D896A0F72CF116F7003AA2F8 /* Image+Extensions.swift */; };
		D8A521FB2D175C49003825CF /* SettingsViewModel.swift in Sources */ = {isa = PBXBuildFile; fileRef = D8A521FA2D175C45003825CF /* SettingsViewModel.swift */; };
		D8A521FD2D175EBB003825CF /* SettingSheet.swift in Sources */ = {isa = PBXBuildFile; fileRef = D8A521FC2D175EB7003825CF /* SettingSheet.swift */; };
		D8A521FF2D1760BE003825CF /* AdminSettingsSection.swift in Sources */ = {isa = PBXBuildFile; fileRef = D8A521FE2D1760B9003825CF /* AdminSettingsSection.swift */; };
		D8A522002D1760BE003825CF /* AdminSettingsSection.swift in Sources */ = {isa = PBXBuildFile; fileRef = D8A521FE2D1760B9003825CF /* AdminSettingsSection.swift */; };
		D8A522012D1760BE003825CF /* AdminSettingsSection.swift in Sources */ = {isa = PBXBuildFile; fileRef = D8A521FE2D1760B9003825CF /* AdminSettingsSection.swift */; };
		D8AD8FC22D45479C00BF84DA /* StoreKit.framework in Frameworks */ = {isa = PBXBuildFile; fileRef = D8AD8FC12D45479C00BF84DA /* StoreKit.framework */; };
		D8AD8FC82D455B2600BF84DA /* StoreKitManager.storekit in Resources */ = {isa = PBXBuildFile; fileRef = D8AD8FC72D455B2600BF84DA /* StoreKitManager.storekit */; };
		D8AD8FD72D504CCA00BF84DA /* AuthCoordinator.swift in Sources */ = {isa = PBXBuildFile; fileRef = D8AD8FD62D504CC600BF84DA /* AuthCoordinator.swift */; };
		D8AD8FDB2D5052AF00BF84DA /* ScanView.swift in Sources */ = {isa = PBXBuildFile; fileRef = D8AD8FDA2D5052AA00BF84DA /* ScanView.swift */; };
		D8AD8FDE2D51A91800BF84DA /* FLSStoreView.swift in Sources */ = {isa = PBXBuildFile; fileRef = D8AD8FDD2D51A91200BF84DA /* FLSStoreView.swift */; };
		D8AD8FE12D51B36C00BF84DA /* StoreKitManager.swift in Sources */ = {isa = PBXBuildFile; fileRef = D8AD8FE02D51B36A00BF84DA /* StoreKitManager.swift */; };
		D8CF7E512D7384F800C7229A /* PillButtonView.swift in Sources */ = {isa = PBXBuildFile; fileRef = D8CF7E502D7384F700C7229A /* PillButtonView.swift */; };
		D8CF7E532D767ACF00C7229A /* DeleteLogButtonView.swift in Sources */ = {isa = PBXBuildFile; fileRef = D8CF7E522D767AC800C7229A /* DeleteLogButtonView.swift */; };
		D8CF7E552D7E086100C7229A /* View+Extensions.swift in Sources */ = {isa = PBXBuildFile; fileRef = D8CF7E542D7E085C00C7229A /* View+Extensions.swift */; };
		D8D458DA2AACCFE500E29B83 /* CameraViewController.swift in Sources */ = {isa = PBXBuildFile; fileRef = D8D458D92AACCFE500E29B83 /* CameraViewController.swift */; };
		D8D599752D09399900EA88D8 /* GoogleService-Info.plist in Resources */ = {isa = PBXBuildFile; fileRef = D8D599742D09399900EA88D8 /* GoogleService-Info.plist */; };
		D8DD98242AA81F4100F43034 /* custom-layout.json in Resources */ = {isa = PBXBuildFile; fileRef = D8DD98232AA81F4100F43034 /* custom-layout.json */; };
		D8EA04EA2CF3A9DD00FE8EA5 /* SimpleImageScanResult.swift in Sources */ = {isa = PBXBuildFile; fileRef = D8EA04E92CF3A9D600FE8EA5 /* SimpleImageScanResult.swift */; };
		D8EA91042AAFF588003B8DE5 /* CameraView.swift in Sources */ = {isa = PBXBuildFile; fileRef = D8EA91032AAFF588003B8DE5 /* CameraView.swift */; };
		D8F756D92C67CE6900C68CBA /* JeppesenLogFormat.json in Resources */ = {isa = PBXBuildFile; fileRef = D8F756D82C67CE6900C68CBA /* JeppesenLogFormat.json */; };
		D8FA4C432D658E4200EDD99F /* PremiumButtonView.swift in Sources */ = {isa = PBXBuildFile; fileRef = D8FA4C422D658E3600EDD99F /* PremiumButtonView.swift */; };
/* End PBXBuildFile section */

/* Begin PBXContainerItemProxy section */
		FDE097282A5643F800102E96 /* PBXContainerItemProxy */ = {
			isa = PBXContainerItemProxy;
			containerPortal = FDE0970E2A5643EA00102E96 /* Project object */;
			proxyType = 1;
			remoteGlobalIDString = FDE097152A5643EA00102E96;
			remoteInfo = "Flight Tracer";
		};
		FDE097322A5643F800102E96 /* PBXContainerItemProxy */ = {
			isa = PBXContainerItemProxy;
			containerPortal = FDE0970E2A5643EA00102E96 /* Project object */;
			proxyType = 1;
			remoteGlobalIDString = FDE097152A5643EA00102E96;
			remoteInfo = "Flight Tracer";
		};
/* End PBXContainerItemProxy section */

/* Begin PBXFileReference section */
		9E25DF542D7E11840012983B /* EditableLogData.swift */ = {isa = PBXFileReference; lastKnownFileType = sourcecode.swift; path = EditableLogData.swift; sourceTree = "<group>"; };
		9E25DF562D7E11B70012983B /* LogsView.swift */ = {isa = PBXFileReference; lastKnownFileType = sourcecode.swift; path = LogsView.swift; sourceTree = "<group>"; };
		9E25DF582D7E11C90012983B /* LogTabView.swift */ = {isa = PBXFileReference; lastKnownFileType = sourcecode.swift; path = LogTabView.swift; sourceTree = "<group>"; };
		9E4A08632BEFE79B00EC7C17 /* SettingsButtonView.swift */ = {isa = PBXFileReference; lastKnownFileType = sourcecode.swift; path = SettingsButtonView.swift; sourceTree = "<group>"; };
		9E5A6EF22BD4491900FEF9A1 /* SampleResultResponse.json */ = {isa = PBXFileReference; lastKnownFileType = text.json; path = SampleResultResponse.json; sourceTree = "<group>"; };
		9E81E8532AB7EA2800524C29 /* AdvancedImageScanner.swift */ = {isa = PBXFileReference; lastKnownFileType = sourcecode.swift; path = AdvancedImageScanner.swift; sourceTree = "<group>"; };
		9EB795DB2D6260FA008B351C /* LogData.swift */ = {isa = PBXFileReference; lastKnownFileType = sourcecode.swift; path = LogData.swift; sourceTree = "<group>"; };
		9EC2454B2CE12D770006269B /* Flight Tracer.xctestplan */ = {isa = PBXFileReference; lastKnownFileType = text; path = "Flight Tracer.xctestplan"; sourceTree = SOURCE_ROOT; };
		9EC2454C2CE12EDD0006269B /* Flight_TracerUITestsE2E.swift */ = {isa = PBXFileReference; lastKnownFileType = sourcecode.swift; path = Flight_TracerUITestsE2E.swift; sourceTree = "<group>"; };
		D8028B362AAC1278004FFD02 /* SimpleImageScanner.swift */ = {isa = PBXFileReference; lastKnownFileType = sourcecode.swift; path = SimpleImageScanner.swift; sourceTree = "<group>"; };
		D803E2272B24C8CF001B5100 /* CustomEmailEntryViewController.swift */ = {isa = PBXFileReference; lastKnownFileType = sourcecode.swift; path = CustomEmailEntryViewController.swift; sourceTree = "<group>"; };
		D803E2292B26784A001B5100 /* CustomPasswordRecoveryViewController.swift */ = {isa = PBXFileReference; lastKnownFileType = sourcecode.swift; path = CustomPasswordRecoveryViewController.swift; sourceTree = "<group>"; };
		D803E22B2B267857001B5100 /* CustomPasswordSignInViewController.swift */ = {isa = PBXFileReference; lastKnownFileType = sourcecode.swift; path = CustomPasswordSignInViewController.swift; sourceTree = "<group>"; };
		D803E22D2B267861001B5100 /* CustomPasswordSignUpViewController.swift */ = {isa = PBXFileReference; lastKnownFileType = sourcecode.swift; path = CustomPasswordSignUpViewController.swift; sourceTree = "<group>"; };
		D803E22F2B26786C001B5100 /* CustomPasswordVerificationViewController.swift */ = {isa = PBXFileReference; lastKnownFileType = sourcecode.swift; path = CustomPasswordVerificationViewController.swift; sourceTree = "<group>"; };
		D8110EDB2CE90D6000C76D7B /* PhoneSettingsAlert.swift */ = {isa = PBXFileReference; lastKnownFileType = sourcecode.swift; path = PhoneSettingsAlert.swift; sourceTree = "<group>"; };
		D8110EE12CE90ECE00C76D7B /* CameraPermissionManager.swift */ = {isa = PBXFileReference; lastKnownFileType = sourcecode.swift; path = CameraPermissionManager.swift; sourceTree = "<group>"; };
		D81FA38C2B2287F60082B178 /* CustomAuthPickerViewController.swift */ = {isa = PBXFileReference; lastKnownFileType = sourcecode.swift; path = CustomAuthPickerViewController.swift; sourceTree = "<group>"; };
		D8328D372D3C28490060F7DC /* ImagePlaceholderView.swift */ = {isa = PBXFileReference; lastKnownFileType = sourcecode.swift; path = ImagePlaceholderView.swift; sourceTree = "<group>"; };
		D836F93F2B015142000FC988 /* Flight-Tracer-Info.plist */ = {isa = PBXFileReference; lastKnownFileType = text.plist.xml; path = "Flight-Tracer-Info.plist"; sourceTree = SOURCE_ROOT; };
		D836F9402B01520F000FC988 /* AppCoordinator.swift */ = {isa = PBXFileReference; lastKnownFileType = sourcecode.swift; path = AppCoordinator.swift; sourceTree = "<group>"; };
		D836F9422B0153B6000FC988 /* User.swift */ = {isa = PBXFileReference; lastKnownFileType = sourcecode.swift; path = User.swift; sourceTree = "<group>"; };
		D83C3CFD2B13C3C90094EEAE /* LoginPageView.swift */ = {isa = PBXFileReference; lastKnownFileType = sourcecode.swift; path = LoginPageView.swift; sourceTree = "<group>"; };
		D83C76662CEA4E5300DDAACD /* Color+Extensions.swift */ = {isa = PBXFileReference; lastKnownFileType = sourcecode.swift; path = "Color+Extensions.swift"; sourceTree = "<group>"; };
		D83C76682CEA678D00DDAACD /* ScanViewModel.swift */ = {isa = PBXFileReference; lastKnownFileType = sourcecode.swift; path = ScanViewModel.swift; sourceTree = "<group>"; };
		D83C766A2CEAB6F300DDAACD /* PhotoPermissionsManager.swift */ = {isa = PBXFileReference; lastKnownFileType = sourcecode.swift; path = PhotoPermissionsManager.swift; sourceTree = "<group>"; };
		D83C766E2CEC36D900DDAACD /* PhotoPickerViewController.swift */ = {isa = PBXFileReference; lastKnownFileType = sourcecode.swift; path = PhotoPickerViewController.swift; sourceTree = "<group>"; };
		D83C76702CEC412400DDAACD /* PhotoPickerViewModel.swift */ = {isa = PBXFileReference; lastKnownFileType = sourcecode.swift; path = PhotoPickerViewModel.swift; sourceTree = "<group>"; };
		D841CC2B2CE1251100A02B5D /* AuthManager.swift */ = {isa = PBXFileReference; lastKnownFileType = sourcecode.swift; path = AuthManager.swift; sourceTree = "<group>"; };
		D841CC332CE132B000A02B5D /* LogFieldType.swift */ = {isa = PBXFileReference; lastKnownFileType = sourcecode.swift; path = LogFieldType.swift; sourceTree = "<group>"; };
		D841CC352CE132FB00A02B5D /* LogFieldMetadata.swift */ = {isa = PBXFileReference; lastKnownFileType = sourcecode.swift; path = LogFieldMetadata.swift; sourceTree = "<group>"; };
		D8442AC82CF698740087450B /* ScanType.swift */ = {isa = PBXFileReference; lastKnownFileType = sourcecode.swift; path = ScanType.swift; sourceTree = "<group>"; };
		D8442ACA2CF69CB60087450B /* AdvancedImageScanResult.swift */ = {isa = PBXFileReference; lastKnownFileType = sourcecode.swift; path = AdvancedImageScanResult.swift; sourceTree = "<group>"; };
		D8442AD12CF7D6F00087450B /* HardcodedImageScanner.swift */ = {isa = PBXFileReference; lastKnownFileType = sourcecode.swift; path = HardcodedImageScanner.swift; sourceTree = "<group>"; };
		D84FF5C62AAFF7FA009B2ACB /* PhotoPickerView.swift */ = {isa = PBXFileReference; lastKnownFileType = sourcecode.swift; path = PhotoPickerView.swift; sourceTree = "<group>"; };
		D84FF5CB2AB7546D009B2ACB /* ImageDetail.swift */ = {isa = PBXFileReference; lastKnownFileType = sourcecode.swift; path = ImageDetail.swift; sourceTree = "<group>"; };
		D86B85BB2C95EFC2002E8C13 /* Magnolia Script.otf */ = {isa = PBXFileReference; lastKnownFileType = file; path = "Magnolia Script.otf"; sourceTree = "<group>"; };
		D86DAA2B2CE10A0F00D35D7E /* ErrorCode.swift */ = {isa = PBXFileReference; lastKnownFileType = sourcecode.swift; path = ErrorCode.swift; sourceTree = "<group>"; };
		D86EF48C2C5FF0050093E18D /* LogSwiperView.swift */ = {isa = PBXFileReference; lastKnownFileType = sourcecode.swift; path = LogSwiperView.swift; sourceTree = "<group>"; };
		D879523E2AA3D49F0076E898 /* ImageTextRecognizer.swift */ = {isa = PBXFileReference; lastKnownFileType = sourcecode.swift; path = ImageTextRecognizer.swift; sourceTree = "<group>"; };
		D879523F2AA3D49F0076E898 /* LogSwiperViewModel.swift */ = {isa = PBXFileReference; lastKnownFileType = sourcecode.swift; path = LogSwiperViewModel.swift; sourceTree = "<group>"; };
		D87952412AA3D49F0076E898 /* CsvCreator.swift */ = {isa = PBXFileReference; lastKnownFileType = sourcecode.swift; path = CsvCreator.swift; sourceTree = "<group>"; };
		D87952472AA3D49F0076E898 /* Assets.xcassets */ = {isa = PBXFileReference; lastKnownFileType = folder.assetcatalog; path = Assets.xcassets; sourceTree = "<group>"; };
		D87952492AA3D49F0076E898 /* Preview Assets.xcassets */ = {isa = PBXFileReference; lastKnownFileType = folder.assetcatalog; path = "Preview Assets.xcassets"; sourceTree = "<group>"; };
		D879524A2AA3D49F0076E898 /* Flight_Tracer.entitlements */ = {isa = PBXFileReference; lastKnownFileType = text.plist.entitlements; path = Flight_Tracer.entitlements; sourceTree = "<group>"; };
		D879524E2AA3D49F0076E898 /* ExampleGetAnalyzeResultFormLayout.json */ = {isa = PBXFileReference; lastKnownFileType = text.json; path = ExampleGetAnalyzeResultFormLayout.json; sourceTree = "<group>"; };
		D879524F2AA3D49F0076E898 /* Flight_TracerApp.swift */ = {isa = PBXFileReference; lastKnownFileType = sourcecode.swift; path = Flight_TracerApp.swift; sourceTree = "<group>"; };
		D87952562AA3D49F0076E898 /* ImageHintsView.swift */ = {isa = PBXFileReference; lastKnownFileType = sourcecode.swift; path = ImageHintsView.swift; sourceTree = "<group>"; };
		D87952582AA3D49F0076E898 /* ImagePresentationView.swift */ = {isa = PBXFileReference; lastKnownFileType = sourcecode.swift; path = ImagePresentationView.swift; sourceTree = "<group>"; };
		D879525A2AA3D49F0076E898 /* AuthenticatedView.swift */ = {isa = PBXFileReference; lastKnownFileType = sourcecode.swift; path = AuthenticatedView.swift; sourceTree = "<group>"; };
		D8831E112CFBA7E600F7ADFF /* LogRowViewModel.swift */ = {isa = PBXFileReference; lastKnownFileType = sourcecode.swift; path = LogRowViewModel.swift; sourceTree = "<group>"; };
		D88804EF2D29F24B00EB0A56 /* CropperViewController.swift */ = {isa = PBXFileReference; lastKnownFileType = sourcecode.swift; path = CropperViewController.swift; sourceTree = "<group>"; };
		D88804F12D29F36300EB0A56 /* CropperView.swift */ = {isa = PBXFileReference; lastKnownFileType = sourcecode.swift; path = CropperView.swift; sourceTree = "<group>"; };
		D88DE89F2ABBE16A0080D5EB /* AnalyzeResult.swift */ = {isa = PBXFileReference; lastKnownFileType = sourcecode.swift; path = AnalyzeResult.swift; sourceTree = "<group>"; };
		D88DE8A22ABBE1E40080D5EB /* ScanButtonView.swift */ = {isa = PBXFileReference; lastKnownFileType = sourcecode.swift; path = ScanButtonView.swift; sourceTree = "<group>"; };
		D88DE8A42AC0AF7F0080D5EB /* ExportButtonView.swift */ = {isa = PBXFileReference; lastKnownFileType = sourcecode.swift; path = ExportButtonView.swift; sourceTree = "<group>"; };
		D896A0F72CF116F7003AA2F8 /* Image+Extensions.swift */ = {isa = PBXFileReference; lastKnownFileType = sourcecode.swift; path = "Image+Extensions.swift"; sourceTree = "<group>"; };
		D8A521FA2D175C45003825CF /* SettingsViewModel.swift */ = {isa = PBXFileReference; lastKnownFileType = sourcecode.swift; path = SettingsViewModel.swift; sourceTree = "<group>"; };
		D8A521FC2D175EB7003825CF /* SettingSheet.swift */ = {isa = PBXFileReference; lastKnownFileType = sourcecode.swift; path = SettingSheet.swift; sourceTree = "<group>"; };
		D8A521FE2D1760B9003825CF /* AdminSettingsSection.swift */ = {isa = PBXFileReference; lastKnownFileType = sourcecode.swift; path = AdminSettingsSection.swift; sourceTree = "<group>"; };
		D8AD8FC12D45479C00BF84DA /* StoreKit.framework */ = {isa = PBXFileReference; lastKnownFileType = wrapper.framework; name = StoreKit.framework; path = Platforms/iPhoneOS.platform/Developer/SDKs/iPhoneOS18.2.sdk/System/Library/Frameworks/StoreKit.framework; sourceTree = DEVELOPER_DIR; };
		D8AD8FC72D455B2600BF84DA /* StoreKitManager.storekit */ = {isa = PBXFileReference; lastKnownFileType = text; name = StoreKitManager.storekit; path = "Flight Tracer/StoreKitManager.storekit"; sourceTree = SOURCE_ROOT; };
		D8AD8FD62D504CC600BF84DA /* AuthCoordinator.swift */ = {isa = PBXFileReference; lastKnownFileType = sourcecode.swift; path = AuthCoordinator.swift; sourceTree = "<group>"; };
		D8AD8FDA2D5052AA00BF84DA /* ScanView.swift */ = {isa = PBXFileReference; lastKnownFileType = sourcecode.swift; path = ScanView.swift; sourceTree = "<group>"; };
		D8AD8FDD2D51A91200BF84DA /* FLSStoreView.swift */ = {isa = PBXFileReference; lastKnownFileType = sourcecode.swift; path = FLSStoreView.swift; sourceTree = "<group>"; };
		D8AD8FE02D51B36A00BF84DA /* StoreKitManager.swift */ = {isa = PBXFileReference; lastKnownFileType = sourcecode.swift; path = StoreKitManager.swift; sourceTree = "<group>"; };
		D8CF7E502D7384F700C7229A /* PillButtonView.swift */ = {isa = PBXFileReference; lastKnownFileType = sourcecode.swift; path = PillButtonView.swift; sourceTree = "<group>"; };
		D8CF7E522D767AC800C7229A /* DeleteLogButtonView.swift */ = {isa = PBXFileReference; lastKnownFileType = sourcecode.swift; path = DeleteLogButtonView.swift; sourceTree = "<group>"; };
		D8CF7E542D7E085C00C7229A /* View+Extensions.swift */ = {isa = PBXFileReference; lastKnownFileType = sourcecode.swift; path = "View+Extensions.swift"; sourceTree = "<group>"; };
		D8D458D92AACCFE500E29B83 /* CameraViewController.swift */ = {isa = PBXFileReference; lastKnownFileType = sourcecode.swift; path = CameraViewController.swift; sourceTree = "<group>"; };
		D8D599712D091B9400EA88D8 /* Flight TracerRelease.entitlements */ = {isa = PBXFileReference; lastKnownFileType = text.plist.entitlements; path = "Flight TracerRelease.entitlements"; sourceTree = "<group>"; };
		D8D599742D09399900EA88D8 /* GoogleService-Info.plist */ = {isa = PBXFileReference; lastKnownFileType = text.plist.xml; path = "GoogleService-Info.plist"; sourceTree = "<group>"; };
		D8DD98232AA81F4100F43034 /* custom-layout.json */ = {isa = PBXFileReference; fileEncoding = 4; lastKnownFileType = text.json; path = "custom-layout.json"; sourceTree = "<group>"; };
		D8E75E242D221A9800E5BE12 /* README.md */ = {isa = PBXFileReference; lastKnownFileType = net.daringfireball.markdown; path = README.md; sourceTree = "<group>"; };
		D8EA04E92CF3A9D600FE8EA5 /* SimpleImageScanResult.swift */ = {isa = PBXFileReference; lastKnownFileType = sourcecode.swift; path = SimpleImageScanResult.swift; sourceTree = "<group>"; };
		D8EA91032AAFF588003B8DE5 /* CameraView.swift */ = {isa = PBXFileReference; lastKnownFileType = sourcecode.swift; path = CameraView.swift; sourceTree = "<group>"; };
		D8F756D82C67CE6900C68CBA /* JeppesenLogFormat.json */ = {isa = PBXFileReference; lastKnownFileType = text.json; path = JeppesenLogFormat.json; sourceTree = "<group>"; };
		D8FA4C422D658E3600EDD99F /* PremiumButtonView.swift */ = {isa = PBXFileReference; lastKnownFileType = sourcecode.swift; path = PremiumButtonView.swift; sourceTree = "<group>"; };
		FDE097162A5643EA00102E96 /* Flight Tracer.app */ = {isa = PBXFileReference; explicitFileType = wrapper.application; includeInIndex = 0; path = "Flight Tracer.app"; sourceTree = BUILT_PRODUCTS_DIR; };
		FDE097272A5643F800102E96 /* Flight TracerTests.xctest */ = {isa = PBXFileReference; explicitFileType = wrapper.cfbundle; includeInIndex = 0; path = "Flight TracerTests.xctest"; sourceTree = BUILT_PRODUCTS_DIR; };
		FDE097312A5643F800102E96 /* Flight TracerUITests.xctest */ = {isa = PBXFileReference; explicitFileType = wrapper.cfbundle; includeInIndex = 0; path = "Flight TracerUITests.xctest"; sourceTree = BUILT_PRODUCTS_DIR; };
/* End PBXFileReference section */

/* Begin PBXFrameworksBuildPhase section */
		FDE097132A5643EA00102E96 /* Frameworks */ = {
			isa = PBXFrameworksBuildPhase;
			buildActionMask = 2147483647;
			files = (
				D88804EE2D29F00200EB0A56 /* Mantis in Frameworks */,
				D83C3CFA2B13B6F70094EEAE /* FirebaseGoogleAuthUI in Frameworks */,
				9E181E7E2C71296C00ED6150 /* CoreMetrics in Frameworks */,
				9E0222102C7A513A0022B50E /* FirebasePerformance in Frameworks */,
				D83C3CFC2B13B6F70094EEAE /* FirebaseOAuthUI in Frameworks */,
				D83C3CF82B13B6F70094EEAE /* FirebaseEmailAuthUI in Frameworks */,
				D83C3CF62B13B6F70094EEAE /* FirebaseAuthUI in Frameworks */,
				D83C3CEF2B13ACF80094EEAE /* FirebaseAuth in Frameworks */,
				9E181E852C712A7800ED6150 /* Prometheus in Frameworks */,
				9E181E802C71296C00ED6150 /* Metrics in Frameworks */,
				D8AD8FC22D45479C00BF84DA /* StoreKit.framework in Frameworks */,
			);
			runOnlyForDeploymentPostprocessing = 0;
		};
		FDE097242A5643F800102E96 /* Frameworks */ = {
			isa = PBXFrameworksBuildPhase;
			buildActionMask = 2147483647;
			files = (
			);
			runOnlyForDeploymentPostprocessing = 0;
		};
		FDE0972E2A5643F800102E96 /* Frameworks */ = {
			isa = PBXFrameworksBuildPhase;
			buildActionMask = 2147483647;
			files = (
			);
			runOnlyForDeploymentPostprocessing = 0;
		};
/* End PBXFrameworksBuildPhase section */

/* Begin PBXGroup section */
		9E02220E2C7A513A0022B50E /* Frameworks */ = {
			isa = PBXGroup;
			children = (
				D8AD8FC12D45479C00BF84DA /* StoreKit.framework */,
			);
			name = Frameworks;
			sourceTree = "<group>";
		};
		9E81E8522AB7E9B100524C29 /* Daos */ = {
			isa = PBXGroup;
			children = (
				9E81E8532AB7EA2800524C29 /* AdvancedImageScanner.swift */,
				D8028B362AAC1278004FFD02 /* SimpleImageScanner.swift */,
			);
			path = Daos;
			sourceTree = "<group>";
		};
		D8032D6F2D53023000A9D0AC /* Scan */ = {
			isa = PBXGroup;
			children = (
				D87952562AA3D49F0076E898 /* ImageHintsView.swift */,
				D8328D372D3C28490060F7DC /* ImagePlaceholderView.swift */,
				D87952582AA3D49F0076E898 /* ImagePresentationView.swift */,
			);
			path = Scan;
			sourceTree = "<group>";
		};
		D8110EE02CE90E5600C76D7B /* Config */ = {
			isa = PBXGroup;
			children = (
				D8F756D32C67CCC900C68CBA /* LogFormats */,
			);
			path = Config;
			sourceTree = "<group>";
		};
		D81FA38B2B2287AC0082B178 /* ViewControllers */ = {
			isa = PBXGroup;
			children = (
				D83C766D2CEC36C700DDAACD /* Firebase */,
				D8D458D92AACCFE500E29B83 /* CameraViewController.swift */,
				D88804EF2D29F24B00EB0A56 /* CropperViewController.swift */,
				D83C766E2CEC36D900DDAACD /* PhotoPickerViewController.swift */,
			);
			path = ViewControllers;
			sourceTree = "<group>";
		};
		D83C76652CEA4E2200DDAACD /* Extensions */ = {
			isa = PBXGroup;
			children = (
				D8CF7E542D7E085C00C7229A /* View+Extensions.swift */,
				D83C76662CEA4E5300DDAACD /* Color+Extensions.swift */,
				D896A0F72CF116F7003AA2F8 /* Image+Extensions.swift */,
			);
			path = Extensions;
			sourceTree = "<group>";
		};
		D83C766D2CEC36C700DDAACD /* Firebase */ = {
			isa = PBXGroup;
			children = (
				D81FA38C2B2287F60082B178 /* CustomAuthPickerViewController.swift */,
				D803E2272B24C8CF001B5100 /* CustomEmailEntryViewController.swift */,
				D803E22D2B267861001B5100 /* CustomPasswordSignUpViewController.swift */,
				D803E22B2B267857001B5100 /* CustomPasswordSignInViewController.swift */,
				D803E22F2B26786C001B5100 /* CustomPasswordVerificationViewController.swift */,
				D803E2292B26784A001B5100 /* CustomPasswordRecoveryViewController.swift */,
			);
			path = Firebase;
			sourceTree = "<group>";
		};
		D841CC312CE1328E00A02B5D /* enum */ = {
			isa = PBXGroup;
			children = (
				D8442AC82CF698740087450B /* ScanType.swift */,
				D86DAA2B2CE10A0F00D35D7E /* ErrorCode.swift */,
				D841CC332CE132B000A02B5D /* LogFieldType.swift */,
			);
			path = enum;
			sourceTree = "<group>";
		};
		D84FF5CA2AB75461009B2ACB /* Models */ = {
			isa = PBXGroup;
			children = (
				D841CC312CE1328E00A02B5D /* enum */,
				D8442ACA2CF69CB60087450B /* AdvancedImageScanResult.swift */,
				D88DE89F2ABBE16A0080D5EB /* AnalyzeResult.swift */,
				D84FF5CB2AB7546D009B2ACB /* ImageDetail.swift */,
				9EB795DB2D6260FA008B351C /* LogData.swift */,
				D841CC352CE132FB00A02B5D /* LogFieldMetadata.swift */,
				D8EA04E92CF3A9D600FE8EA5 /* SimpleImageScanResult.swift */,
				D836F9422B0153B6000FC988 /* User.swift */,
			);
			path = Models;
			sourceTree = "<group>";
		};
		D85561F62AAC233400A3CA49 /* MainViews */ = {
			isa = PBXGroup;
			children = (
				D879525A2AA3D49F0076E898 /* AuthenticatedView.swift */,
				D8AD8FDD2D51A91200BF84DA /* FLSStoreView.swift */,
				D86EF48C2C5FF0050093E18D /* LogSwiperView.swift */,
				D83C3CFD2B13C3C90094EEAE /* LoginPageView.swift */,
				D8AD8FDA2D5052AA00BF84DA /* ScanView.swift */,
			);
			path = MainViews;
			sourceTree = "<group>";
		};
		D879523C2AA3D49F0076E898 /* Flight Tracer */ = {
			isa = PBXGroup;
			children = (
				D8D599712D091B9400EA88D8 /* Flight TracerRelease.entitlements */,
				D836F93F2B015142000FC988 /* Flight-Tracer-Info.plist */,
				D8110EE02CE90E5600C76D7B /* Config */,
				9E81E8522AB7E9B100524C29 /* Daos */,
				D8AD8FE22D51D12E00BF84DA /* Managers */,
				D84FF5CA2AB75461009B2ACB /* Models */,
				D87952532AA3D49F0076E898 /* Views */,
				D81FA38B2B2287AC0082B178 /* ViewControllers */,
				D879523D2AA3D49F0076E898 /* ViewModels */,
				D87952402AA3D49F0076E898 /* Util */,
				D83C76652CEA4E2200DDAACD /* Extensions */,
				D879524D2AA3D49F0076E898 /* Admin */,
				D87952482AA3D49F0076E898 /* Preview Content */,
				D87952472AA3D49F0076E898 /* Assets.xcassets */,
				D8D599742D09399900EA88D8 /* GoogleService-Info.plist */,
				D879524A2AA3D49F0076E898 /* Flight_Tracer.entitlements */,
				D879524F2AA3D49F0076E898 /* Flight_TracerApp.swift */,
				D86B85BB2C95EFC2002E8C13 /* Magnolia Script.otf */,
				D8AD8FC72D455B2600BF84DA /* StoreKitManager.storekit */,
			);
			path = "Flight Tracer";
			sourceTree = "<group>";
		};
		D879523D2AA3D49F0076E898 /* ViewModels */ = {
			isa = PBXGroup;
			children = (
				9E25DF542D7E11840012983B /* EditableLogData.swift */,
				D8831E112CFBA7E600F7ADFF /* LogRowViewModel.swift */,
				D879523F2AA3D49F0076E898 /* LogSwiperViewModel.swift */,
				D83C76702CEC412400DDAACD /* PhotoPickerViewModel.swift */,
				D8A521FA2D175C45003825CF /* SettingsViewModel.swift */,
				D83C76682CEA678D00DDAACD /* ScanViewModel.swift */,
			);
			path = ViewModels;
			sourceTree = "<group>";
		};
		D87952402AA3D49F0076E898 /* Util */ = {
			isa = PBXGroup;
			children = (
				D87952412AA3D49F0076E898 /* CsvCreator.swift */,
				D879523E2AA3D49F0076E898 /* ImageTextRecognizer.swift */,
			);
			path = Util;
			sourceTree = "<group>";
		};
		D87952482AA3D49F0076E898 /* Preview Content */ = {
			isa = PBXGroup;
			children = (
				D87952492AA3D49F0076E898 /* Preview Assets.xcassets */,
			);
			path = "Preview Content";
			sourceTree = "<group>";
		};
		D879524D2AA3D49F0076E898 /* Admin */ = {
			isa = PBXGroup;
			children = (
				D8A521FE2D1760B9003825CF /* AdminSettingsSection.swift */,
				D8442AD12CF7D6F00087450B /* HardcodedImageScanner.swift */,
				D8DD98232AA81F4100F43034 /* custom-layout.json */,
				D879524E2AA3D49F0076E898 /* ExampleGetAnalyzeResultFormLayout.json */,
				9E5A6EF22BD4491900FEF9A1 /* SampleResultResponse.json */,
			);
			path = Admin;
			sourceTree = "<group>";
		};
		D87952532AA3D49F0076E898 /* Views */ = {
			isa = PBXGroup;
			children = (
				D8AD8FD52D504CBF00BF84DA /* Coordinator */,
				D85561F62AAC233400A3CA49 /* MainViews */,
				D87952552AA3D49F0076E898 /* SubViews */,
			);
			path = Views;
			sourceTree = "<group>";
		};
		D87952552AA3D49F0076E898 /* SubViews */ = {
			isa = PBXGroup;
			children = (
				D88DE8A12ABBE1C30080D5EB /* Buttons */,
				D8F1CD622D872A5600B29BD6 /* Log */,
				D8032D6F2D53023000A9D0AC /* Scan */,
				D8AD8FDC2D5052EC00BF84DA /* Settings */,
			);
			path = SubViews;
			sourceTree = "<group>";
		};
		D88DE8A12ABBE1C30080D5EB /* Buttons */ = {
			isa = PBXGroup;
			children = (
				D8EA91032AAFF588003B8DE5 /* CameraView.swift */,
				D88804F12D29F36300EB0A56 /* CropperView.swift */,
				D8CF7E522D767AC800C7229A /* DeleteLogButtonView.swift */,
				D88DE8A42AC0AF7F0080D5EB /* ExportButtonView.swift */,
				D84FF5C62AAFF7FA009B2ACB /* PhotoPickerView.swift */,
				D8CF7E502D7384F700C7229A /* PillButtonView.swift */,
				D8FA4C422D658E3600EDD99F /* PremiumButtonView.swift */,
				D88DE8A22ABBE1E40080D5EB /* ScanButtonView.swift */,
			);
			path = Buttons;
			sourceTree = "<group>";
		};
		D8AD8FD52D504CBF00BF84DA /* Coordinator */ = {
			isa = PBXGroup;
			children = (
				D836F9402B01520F000FC988 /* AppCoordinator.swift */,
				D8AD8FD62D504CC600BF84DA /* AuthCoordinator.swift */,
			);
			path = Coordinator;
			sourceTree = "<group>";
		};
		D8AD8FDC2D5052EC00BF84DA /* Settings */ = {
			isa = PBXGroup;
			children = (
				D8110EDB2CE90D6000C76D7B /* PhoneSettingsAlert.swift */,
				D8A521FC2D175EB7003825CF /* SettingSheet.swift */,
				9E4A08632BEFE79B00EC7C17 /* SettingsButtonView.swift */,
			);
			path = Settings;
			sourceTree = "<group>";
		};
		D8AD8FE22D51D12E00BF84DA /* Managers */ = {
			isa = PBXGroup;
			children = (
				D841CC2B2CE1251100A02B5D /* AuthManager.swift */,
				D8110EE12CE90ECE00C76D7B /* CameraPermissionManager.swift */,
				D83C766A2CEAB6F300DDAACD /* PhotoPermissionsManager.swift */,
				D8AD8FE02D51B36A00BF84DA /* StoreKitManager.swift */,
			);
			path = Managers;
			sourceTree = "<group>";
		};
		D8F1CD622D872A5600B29BD6 /* Log */ = {
			isa = PBXGroup;
			children = (
				9E25DF582D7E11C90012983B /* LogTabView.swift */,
				9E25DF562D7E11B70012983B /* LogsView.swift */,
			);
			path = Log;
			sourceTree = "<group>";
		};
		D8F756D32C67CCC900C68CBA /* LogFormats */ = {
			isa = PBXGroup;
			children = (
				D8F756D82C67CE6900C68CBA /* JeppesenLogFormat.json */,
			);
			path = LogFormats;
			sourceTree = "<group>";
		};
		FDE0970D2A5643EA00102E96 = {
			isa = PBXGroup;
			children = (
				D879523C2AA3D49F0076E898 /* Flight Tracer */,
				FDE097342A5643F800102E96 /* Flight TracerUITests */,
				FDE097172A5643EA00102E96 /* Products */,
				9E02220E2C7A513A0022B50E /* Frameworks */,
				D8E75E242D221A9800E5BE12 /* README.md */,
			);
			sourceTree = "<group>";
		};
		FDE097172A5643EA00102E96 /* Products */ = {
			isa = PBXGroup;
			children = (
				FDE097162A5643EA00102E96 /* Flight Tracer.app */,
				FDE097272A5643F800102E96 /* Flight TracerTests.xctest */,
				FDE097312A5643F800102E96 /* Flight TracerUITests.xctest */,
			);
			name = Products;
			sourceTree = "<group>";
		};
		FDE097342A5643F800102E96 /* Flight TracerUITests */ = {
			isa = PBXGroup;
			children = (
				9EC2454C2CE12EDD0006269B /* Flight_TracerUITestsE2E.swift */,
				9EC2454B2CE12D770006269B /* Flight Tracer.xctestplan */,
			);
			path = "Flight TracerUITests";
			sourceTree = "<group>";
		};
/* End PBXGroup section */

/* Begin PBXNativeTarget section */
		FDE097152A5643EA00102E96 /* Flight Tracer */ = {
			isa = PBXNativeTarget;
			buildConfigurationList = FDE0973B2A5643F800102E96 /* Build configuration list for PBXNativeTarget "Flight Tracer" */;
			buildPhases = (
				FDE097122A5643EA00102E96 /* Sources */,
				FDE097132A5643EA00102E96 /* Frameworks */,
				FDE097142A5643EA00102E96 /* Resources */,
			);
			buildRules = (
			);
			dependencies = (
			);
			name = "Flight Tracer";
			packageProductDependencies = (
				D83C3CEE2B13ACF80094EEAE /* FirebaseAuth */,
				D83C3CF52B13B6F70094EEAE /* FirebaseAuthUI */,
				D83C3CF72B13B6F70094EEAE /* FirebaseEmailAuthUI */,
				D83C3CF92B13B6F70094EEAE /* FirebaseGoogleAuthUI */,
				D83C3CFB2B13B6F70094EEAE /* FirebaseOAuthUI */,
				9E181E7D2C71296C00ED6150 /* CoreMetrics */,
				9E181E7F2C71296C00ED6150 /* Metrics */,
				9E181E842C712A7800ED6150 /* Prometheus */,
				9E02220F2C7A513A0022B50E /* FirebasePerformance */,
				D88804ED2D29F00200EB0A56 /* Mantis */,
			);
			productName = "Flight Tracer";
			productReference = FDE097162A5643EA00102E96 /* Flight Tracer.app */;
			productType = "com.apple.product-type.application";
		};
		FDE097262A5643F800102E96 /* Flight TracerTests */ = {
			isa = PBXNativeTarget;
			buildConfigurationList = FDE0973E2A5643F800102E96 /* Build configuration list for PBXNativeTarget "Flight TracerTests" */;
			buildPhases = (
				FDE097232A5643F800102E96 /* Sources */,
				FDE097242A5643F800102E96 /* Frameworks */,
				FDE097252A5643F800102E96 /* Resources */,
			);
			buildRules = (
			);
			dependencies = (
				FDE097292A5643F800102E96 /* PBXTargetDependency */,
			);
			name = "Flight TracerTests";
			productName = "Flight TracerTests";
			productReference = FDE097272A5643F800102E96 /* Flight TracerTests.xctest */;
			productType = "com.apple.product-type.bundle.unit-test";
		};
		FDE097302A5643F800102E96 /* Flight TracerUITests */ = {
			isa = PBXNativeTarget;
			buildConfigurationList = FDE097412A5643F800102E96 /* Build configuration list for PBXNativeTarget "Flight TracerUITests" */;
			buildPhases = (
				FDE0972D2A5643F800102E96 /* Sources */,
				FDE0972E2A5643F800102E96 /* Frameworks */,
				FDE0972F2A5643F800102E96 /* Resources */,
			);
			buildRules = (
			);
			dependencies = (
				FDE097332A5643F800102E96 /* PBXTargetDependency */,
			);
			name = "Flight TracerUITests";
			productName = "Flight TracerUITests";
			productReference = FDE097312A5643F800102E96 /* Flight TracerUITests.xctest */;
			productType = "com.apple.product-type.bundle.ui-testing";
		};
/* End PBXNativeTarget section */

/* Begin PBXProject section */
		FDE0970E2A5643EA00102E96 /* Project object */ = {
			isa = PBXProject;
			attributes = {
				BuildIndependentTargetsInParallel = 1;
				LastSwiftUpdateCheck = 1420;
				LastUpgradeCheck = 1610;
				TargetAttributes = {
					FDE097152A5643EA00102E96 = {
						CreatedOnToolsVersion = 14.2;
					};
					FDE097262A5643F800102E96 = {
						CreatedOnToolsVersion = 14.2;
						LastSwiftMigration = 1610;
						TestTargetID = FDE097152A5643EA00102E96;
					};
					FDE097302A5643F800102E96 = {
						CreatedOnToolsVersion = 14.2;
						TestTargetID = FDE097152A5643EA00102E96;
					};
				};
			};
			buildConfigurationList = FDE097112A5643EA00102E96 /* Build configuration list for PBXProject "Flight Tracer" */;
			compatibilityVersion = "Xcode 14.0";
			developmentRegion = en;
			hasScannedForEncodings = 0;
			knownRegions = (
				en,
				Base,
			);
			mainGroup = FDE0970D2A5643EA00102E96;
			packageReferences = (
				D83C3CED2B13ACF80094EEAE /* XCRemoteSwiftPackageReference "firebase-ios-sdk" */,
				D83C3CF42B13B6F70094EEAE /* XCRemoteSwiftPackageReference "FirebaseUI-iOS" */,
				9E181E7C2C71296C00ED6150 /* XCRemoteSwiftPackageReference "swift-metrics" */,
				9E181E832C712A7800ED6150 /* XCRemoteSwiftPackageReference "swift-prometheus" */,
				D88804EC2D29F00200EB0A56 /* XCRemoteSwiftPackageReference "Mantis" */,
			);
			productRefGroup = FDE097172A5643EA00102E96 /* Products */;
			projectDirPath = "";
			projectRoot = "";
			targets = (
				FDE097152A5643EA00102E96 /* Flight Tracer */,
				FDE097262A5643F800102E96 /* Flight TracerTests */,
				FDE097302A5643F800102E96 /* Flight TracerUITests */,
			);
		};
/* End PBXProject section */

/* Begin PBXResourcesBuildPhase section */
		FDE097142A5643EA00102E96 /* Resources */ = {
			isa = PBXResourcesBuildPhase;
			buildActionMask = 2147483647;
			files = (
				D8D599752D09399900EA88D8 /* GoogleService-Info.plist in Resources */,
				D885E5D32C8CC2750088D1CD /* Assets.xcassets in Resources */,
				9E4A085C2BEFE42900EC7C17 /* SampleResultResponse.json in Resources */,
				D8DD98242AA81F4100F43034 /* custom-layout.json in Resources */,
				D8AD8FC82D455B2600BF84DA /* StoreKitManager.storekit in Resources */,
				D86B85BC2C95EFC2002E8C13 /* Magnolia Script.otf in Resources */,
				D8F756D92C67CE6900C68CBA /* JeppesenLogFormat.json in Resources */,
			);
			runOnlyForDeploymentPostprocessing = 0;
		};
		FDE097252A5643F800102E96 /* Resources */ = {
			isa = PBXResourcesBuildPhase;
			buildActionMask = 2147483647;
			files = (
				9E4A085D2BEFE48300EC7C17 /* custom-layout.json in Resources */,
				9E4A085E2BEFE48300EC7C17 /* ExampleGetAnalyzeResultFormLayout.json in Resources */,
				9E4A085F2BEFE48300EC7C17 /* SampleResultResponse.json in Resources */,
			);
			runOnlyForDeploymentPostprocessing = 0;
		};
		FDE0972F2A5643F800102E96 /* Resources */ = {
			isa = PBXResourcesBuildPhase;
			buildActionMask = 2147483647;
			files = (
				9E4A08602BEFE48B00EC7C17 /* custom-layout.json in Resources */,
				9E4A08612BEFE48B00EC7C17 /* ExampleGetAnalyzeResultFormLayout.json in Resources */,
				9E4A08622BEFE48B00EC7C17 /* SampleResultResponse.json in Resources */,
			);
			runOnlyForDeploymentPostprocessing = 0;
		};
/* End PBXResourcesBuildPhase section */

/* Begin PBXSourcesBuildPhase section */
		FDE097122A5643EA00102E96 /* Sources */ = {
			isa = PBXSourcesBuildPhase;
			buildActionMask = 2147483647;
			files = (
				D88DE8A52AC0AF7F0080D5EB /* ExportButtonView.swift in Sources */,
				D803E22A2B26784A001B5100 /* CustomPasswordRecoveryViewController.swift in Sources */,
				D86DAA2C2CE10A1200D35D7E /* ErrorCode.swift in Sources */,
				D803E2302B26786C001B5100 /* CustomPasswordVerificationViewController.swift in Sources */,
				D803E22E2B267861001B5100 /* CustomPasswordSignUpViewController.swift in Sources */,
				D879525C2AA3D5690076E898 /* ImageHintsView.swift in Sources */,
				D88804F02D29F24D00EB0A56 /* CropperViewController.swift in Sources */,
				D8028B372AAC1278004FFD02 /* SimpleImageScanner.swift in Sources */,
				D8442AD22CF7D6F40087450B /* HardcodedImageScanner.swift in Sources */,
				9E25DF572D7E11B70012983B /* LogsView.swift in Sources */,
				D8EA04EA2CF3A9DD00FE8EA5 /* SimpleImageScanResult.swift in Sources */,
				D8831E122CFBA7EE00F7ADFF /* LogRowViewModel.swift in Sources */,
				D841CC2C2CE1251400A02B5D /* AuthManager.swift in Sources */,
				D8110EE22CE90ED300C76D7B /* CameraPermissionManager.swift in Sources */,
				D8CF7E532D767ACF00C7229A /* DeleteLogButtonView.swift in Sources */,
				D81FA38D2B2287F60082B178 /* CustomAuthPickerViewController.swift in Sources */,
				D83C76672CEA4E5700DDAACD /* Color+Extensions.swift in Sources */,
				D8FA4C432D658E4200EDD99F /* PremiumButtonView.swift in Sources */,
				D8442ACB2CF69CBB0087450B /* AdvancedImageScanResult.swift in Sources */,
				D8A522002D1760BE003825CF /* AdminSettingsSection.swift in Sources */,
				D879525E2AA3D5690076E898 /* ImagePresentationView.swift in Sources */,
				D87952602AA3D5690076E898 /* AuthenticatedView.swift in Sources */,
				D8328D382D3C28520060F7DC /* ImagePlaceholderView.swift in Sources */,
				D83C76692CEA679100DDAACD /* ScanViewModel.swift in Sources */,
				D8110EDC2CE90D6000C76D7B /* PhoneSettingsAlert.swift in Sources */,
				D8AD8FD72D504CCA00BF84DA /* AuthCoordinator.swift in Sources */,
				9E81E8542AB7EA2800524C29 /* AdvancedImageScanner.swift in Sources */,
				D8AD8FE12D51B36C00BF84DA /* StoreKitManager.swift in Sources */,
				D83C76712CEC412900DDAACD /* PhotoPickerViewModel.swift in Sources */,
				D86EF48D2C5FF0050093E18D /* LogSwiperView.swift in Sources */,
				D841CC362CE1330200A02B5D /* LogFieldMetadata.swift in Sources */,
				D8A521FD2D175EBB003825CF /* SettingSheet.swift in Sources */,
				D87952642AA3D5690076E898 /* ImageTextRecognizer.swift in Sources */,
				D803E22C2B267857001B5100 /* CustomPasswordSignInViewController.swift in Sources */,
				9E25DF552D7E11840012983B /* EditableLogData.swift in Sources */,
				D8AD8FDB2D5052AF00BF84DA /* ScanView.swift in Sources */,
				D8CF7E552D7E086100C7229A /* View+Extensions.swift in Sources */,
				D84FF5CC2AB7546D009B2ACB /* ImageDetail.swift in Sources */,
				D8442AC92CF6987A0087450B /* ScanType.swift in Sources */,
				D8CF7E512D7384F800C7229A /* PillButtonView.swift in Sources */,
				9E4A08642BEFE79B00EC7C17 /* SettingsButtonView.swift in Sources */,
				9EB795DC2D6260FA008B351C /* LogData.swift in Sources */,
				D87952652AA3D5690076E898 /* LogSwiperViewModel.swift in Sources */,
				D87952662AA3D5690076E898 /* CsvCreator.swift in Sources */,
				9E25DF592D7E11C90012983B /* LogTabView.swift in Sources */,
				D8AD8FDE2D51A91800BF84DA /* FLSStoreView.swift in Sources */,
				D88DE8A32ABBE1E40080D5EB /* ScanButtonView.swift in Sources */,
				D836F9432B0153B6000FC988 /* User.swift in Sources */,
				D841CC342CE132BB00A02B5D /* LogFieldType.swift in Sources */,
				D88DE8A02ABBE16A0080D5EB /* AnalyzeResult.swift in Sources */,
				D896A0F82CF116FB003AA2F8 /* Image+Extensions.swift in Sources */,
				D83C3CFE2B13C3C90094EEAE /* LoginPageView.swift in Sources */,
				D836F9412B01520F000FC988 /* AppCoordinator.swift in Sources */,
				D879526A2AA3D5690076E898 /* Flight_TracerApp.swift in Sources */,
				D83C766F2CEC36E800DDAACD /* PhotoPickerViewController.swift in Sources */,
				D8D458DA2AACCFE500E29B83 /* CameraViewController.swift in Sources */,
				D88804F22D29F36600EB0A56 /* CropperView.swift in Sources */,
				D84FF5C72AAFF7FA009B2ACB /* PhotoPickerView.swift in Sources */,
				D83C766B2CEAB6F700DDAACD /* PhotoPermissionsManager.swift in Sources */,
				D8EA91042AAFF588003B8DE5 /* CameraView.swift in Sources */,
				D803E2282B24C8CF001B5100 /* CustomEmailEntryViewController.swift in Sources */,
				D8A521FB2D175C49003825CF /* SettingsViewModel.swift in Sources */,
			);
			runOnlyForDeploymentPostprocessing = 0;
		};
		FDE097232A5643F800102E96 /* Sources */ = {
			isa = PBXSourcesBuildPhase;
			buildActionMask = 2147483647;
			files = (
				9E1ED63A2CFA31EB002584A4 /* LogFieldMetadata.swift in Sources */,
				9EB795DD2D6260FA008B351C /* LogData.swift in Sources */,
				9E1ED63C2CFA31F0002584A4 /* SimpleImageScanResult.swift in Sources */,
				9E1ED6322CFA31D5002584A4 /* ScanType.swift in Sources */,
				D8A522012D1760BE003825CF /* AdminSettingsSection.swift in Sources */,
				9E1ED6362CFA31E2002584A4 /* AnalyzeResult.swift in Sources */,
				9E1ED6342CFA31DB002584A4 /* LogFieldType.swift in Sources */,
				D8442AD42CF7D6F40087450B /* HardcodedImageScanner.swift in Sources */,
				9E1ED62E2CFA31A2002584A4 /* AdvancedImageScanResult.swift in Sources */,
				9E1ED6302CFA31CB002584A4 /* ErrorCode.swift in Sources */,
				9E1ED63E2CFA31F4002584A4 /* User.swift in Sources */,
				9E1ED6382CFA31E7002584A4 /* ImageDetail.swift in Sources */,
			);
			runOnlyForDeploymentPostprocessing = 0;
		};
		FDE0972D2A5643F800102E96 /* Sources */ = {
			isa = PBXSourcesBuildPhase;
			buildActionMask = 2147483647;
			files = (
				9E1ED63B2CFA31EB002584A4 /* LogFieldMetadata.swift in Sources */,
				9E1ED62F2CFA31A2002584A4 /* AdvancedImageScanResult.swift in Sources */,
				9E1ED6372CFA31E2002584A4 /* AnalyzeResult.swift in Sources */,
				9EB795DE2D6260FA008B351C /* LogData.swift in Sources */,
				9E1ED6392CFA31E7002584A4 /* ImageDetail.swift in Sources */,
				D8A521FF2D1760BE003825CF /* AdminSettingsSection.swift in Sources */,
				9E1ED6332CFA31D5002584A4 /* ScanType.swift in Sources */,
				9EC2454D2CE12EDD0006269B /* Flight_TracerUITestsE2E.swift in Sources */,
				D8442AD32CF7D6F40087450B /* HardcodedImageScanner.swift in Sources */,
				9E1ED6312CFA31CB002584A4 /* ErrorCode.swift in Sources */,
				9E1ED6352CFA31DB002584A4 /* LogFieldType.swift in Sources */,
				9E1ED63D2CFA31F0002584A4 /* SimpleImageScanResult.swift in Sources */,
				9E1ED63F2CFA31F4002584A4 /* User.swift in Sources */,
			);
			runOnlyForDeploymentPostprocessing = 0;
		};
/* End PBXSourcesBuildPhase section */

/* Begin PBXTargetDependency section */
		FDE097292A5643F800102E96 /* PBXTargetDependency */ = {
			isa = PBXTargetDependency;
			target = FDE097152A5643EA00102E96 /* Flight Tracer */;
			targetProxy = FDE097282A5643F800102E96 /* PBXContainerItemProxy */;
		};
		FDE097332A5643F800102E96 /* PBXTargetDependency */ = {
			isa = PBXTargetDependency;
			target = FDE097152A5643EA00102E96 /* Flight Tracer */;
			targetProxy = FDE097322A5643F800102E96 /* PBXContainerItemProxy */;
		};
/* End PBXTargetDependency section */

/* Begin XCBuildConfiguration section */
		FDE097392A5643F800102E96 /* Debug */ = {
			isa = XCBuildConfiguration;
			buildSettings = {
				ALWAYS_SEARCH_USER_PATHS = NO;
				ASSETCATALOG_COMPILER_GENERATE_SWIFT_ASSET_SYMBOL_EXTENSIONS = YES;
				ASSETCATALOG_WARNINGS = NO;
				CLANG_ANALYZER_NONNULL = YES;
				CLANG_ANALYZER_NUMBER_OBJECT_CONVERSION = YES_AGGRESSIVE;
				CLANG_CXX_LANGUAGE_STANDARD = "gnu++20";
				CLANG_ENABLE_MODULES = YES;
				CLANG_ENABLE_OBJC_ARC = YES;
				CLANG_ENABLE_OBJC_WEAK = YES;
				CLANG_WARN_BLOCK_CAPTURE_AUTORELEASING = YES;
				CLANG_WARN_BOOL_CONVERSION = YES;
				CLANG_WARN_COMMA = YES;
				CLANG_WARN_CONSTANT_CONVERSION = YES;
				CLANG_WARN_DEPRECATED_OBJC_IMPLEMENTATIONS = YES;
				CLANG_WARN_DIRECT_OBJC_ISA_USAGE = YES_ERROR;
				CLANG_WARN_DOCUMENTATION_COMMENTS = YES;
				CLANG_WARN_EMPTY_BODY = YES;
				CLANG_WARN_ENUM_CONVERSION = YES;
				CLANG_WARN_INFINITE_RECURSION = YES;
				CLANG_WARN_INT_CONVERSION = YES;
				CLANG_WARN_NON_LITERAL_NULL_CONVERSION = YES;
				CLANG_WARN_OBJC_IMPLICIT_RETAIN_SELF = YES;
				CLANG_WARN_OBJC_LITERAL_CONVERSION = YES;
				CLANG_WARN_OBJC_ROOT_CLASS = YES_ERROR;
				CLANG_WARN_QUOTED_INCLUDE_IN_FRAMEWORK_HEADER = YES;
				CLANG_WARN_RANGE_LOOP_ANALYSIS = YES;
				CLANG_WARN_STRICT_PROTOTYPES = YES;
				CLANG_WARN_SUSPICIOUS_MOVE = YES;
				CLANG_WARN_UNGUARDED_AVAILABILITY = YES_AGGRESSIVE;
				CLANG_WARN_UNREACHABLE_CODE = YES;
				CLANG_WARN__DUPLICATE_METHOD_MATCH = YES;
				COPY_PHASE_STRIP = NO;
				DEAD_CODE_STRIPPING = YES;
				DEBUG_INFORMATION_FORMAT = dwarf;
				ENABLE_STRICT_OBJC_MSGSEND = YES;
				ENABLE_TESTABILITY = YES;
				ENABLE_USER_SCRIPT_SANDBOXING = YES;
				GCC_C_LANGUAGE_STANDARD = gnu11;
				GCC_DYNAMIC_NO_PIC = NO;
				GCC_NO_COMMON_BLOCKS = YES;
				GCC_OPTIMIZATION_LEVEL = 0;
				GCC_PREPROCESSOR_DEFINITIONS = (
					"DEBUG=1",
					"$(inherited)",
				);
				GCC_WARN_64_TO_32_BIT_CONVERSION = YES;
				GCC_WARN_ABOUT_RETURN_TYPE = YES_ERROR;
				GCC_WARN_UNDECLARED_SELECTOR = YES;
				GCC_WARN_UNINITIALIZED_AUTOS = YES_AGGRESSIVE;
				GCC_WARN_UNUSED_FUNCTION = YES;
				GCC_WARN_UNUSED_VARIABLE = YES;
				IPHONEOS_DEPLOYMENT_TARGET = 17.2;
				MACOSX_DEPLOYMENT_TARGET = 14.2;
				MTL_ENABLE_DEBUG_INFO = INCLUDE_SOURCE;
				MTL_FAST_MATH = YES;
				ONLY_ACTIVE_ARCH = YES;
				SWIFT_ACTIVE_COMPILATION_CONDITIONS = DEBUG;
				SWIFT_OPTIMIZATION_LEVEL = "-Onone";
			};
			name = Debug;
		};
		FDE0973A2A5643F800102E96 /* Release */ = {
			isa = XCBuildConfiguration;
			buildSettings = {
				ALWAYS_SEARCH_USER_PATHS = NO;
				ASSETCATALOG_COMPILER_GENERATE_SWIFT_ASSET_SYMBOL_EXTENSIONS = YES;
				ASSETCATALOG_WARNINGS = NO;
				CLANG_ANALYZER_NONNULL = YES;
				CLANG_ANALYZER_NUMBER_OBJECT_CONVERSION = YES_AGGRESSIVE;
				CLANG_CXX_LANGUAGE_STANDARD = "gnu++20";
				CLANG_ENABLE_MODULES = YES;
				CLANG_ENABLE_OBJC_ARC = YES;
				CLANG_ENABLE_OBJC_WEAK = YES;
				CLANG_WARN_BLOCK_CAPTURE_AUTORELEASING = YES;
				CLANG_WARN_BOOL_CONVERSION = YES;
				CLANG_WARN_COMMA = YES;
				CLANG_WARN_CONSTANT_CONVERSION = YES;
				CLANG_WARN_DEPRECATED_OBJC_IMPLEMENTATIONS = YES;
				CLANG_WARN_DIRECT_OBJC_ISA_USAGE = YES_ERROR;
				CLANG_WARN_DOCUMENTATION_COMMENTS = YES;
				CLANG_WARN_EMPTY_BODY = YES;
				CLANG_WARN_ENUM_CONVERSION = YES;
				CLANG_WARN_INFINITE_RECURSION = YES;
				CLANG_WARN_INT_CONVERSION = YES;
				CLANG_WARN_NON_LITERAL_NULL_CONVERSION = YES;
				CLANG_WARN_OBJC_IMPLICIT_RETAIN_SELF = YES;
				CLANG_WARN_OBJC_LITERAL_CONVERSION = YES;
				CLANG_WARN_OBJC_ROOT_CLASS = YES_ERROR;
				CLANG_WARN_QUOTED_INCLUDE_IN_FRAMEWORK_HEADER = YES;
				CLANG_WARN_RANGE_LOOP_ANALYSIS = YES;
				CLANG_WARN_STRICT_PROTOTYPES = YES;
				CLANG_WARN_SUSPICIOUS_MOVE = YES;
				CLANG_WARN_UNGUARDED_AVAILABILITY = YES_AGGRESSIVE;
				CLANG_WARN_UNREACHABLE_CODE = YES;
				CLANG_WARN__DUPLICATE_METHOD_MATCH = YES;
				COPY_PHASE_STRIP = NO;
				DEAD_CODE_STRIPPING = YES;
				DEBUG_INFORMATION_FORMAT = "dwarf-with-dsym";
				ENABLE_NS_ASSERTIONS = NO;
				ENABLE_STRICT_OBJC_MSGSEND = YES;
				ENABLE_USER_SCRIPT_SANDBOXING = YES;
				GCC_C_LANGUAGE_STANDARD = gnu11;
				GCC_NO_COMMON_BLOCKS = YES;
				GCC_WARN_64_TO_32_BIT_CONVERSION = YES;
				GCC_WARN_ABOUT_RETURN_TYPE = YES_ERROR;
				GCC_WARN_UNDECLARED_SELECTOR = YES;
				GCC_WARN_UNINITIALIZED_AUTOS = YES_AGGRESSIVE;
				GCC_WARN_UNUSED_FUNCTION = YES;
				GCC_WARN_UNUSED_VARIABLE = YES;
				IPHONEOS_DEPLOYMENT_TARGET = 17.2;
				MACOSX_DEPLOYMENT_TARGET = 14.2;
				MTL_ENABLE_DEBUG_INFO = NO;
				MTL_FAST_MATH = YES;
				SWIFT_COMPILATION_MODE = wholemodule;
				SWIFT_OPTIMIZATION_LEVEL = "-O";
			};
			name = Release;
		};
		FDE0973C2A5643F800102E96 /* Debug */ = {
			isa = XCBuildConfiguration;
			buildSettings = {
				ASSETCATALOG_COMPILER_APPICON_NAME = willicon;
				ASSETCATALOG_COMPILER_GLOBAL_ACCENT_COLOR_NAME = AccentColor;
				ASSETCATALOG_COMPILER_INCLUDE_ALL_APPICON_ASSETS = YES;
				CODE_SIGN_ENTITLEMENTS = "Flight Tracer/Flight_Tracer.entitlements";
				CODE_SIGN_IDENTITY = "Apple Development";
				CODE_SIGN_STYLE = Automatic;
				CURRENT_PROJECT_VERSION = 1;
				DEAD_CODE_STRIPPING = YES;
				DEVELOPMENT_ASSET_PATHS = "\"Flight Tracer/Preview Content\"";
				DEVELOPMENT_TEAM = NHB5BVN6YR;
				ENABLE_HARDENED_RUNTIME = YES;
				"ENABLE_HARDENED_RUNTIME[sdk=macosx*]" = YES;
				ENABLE_PREVIEWS = YES;
				GENERATE_INFOPLIST_FILE = YES;
				INFOPLIST_FILE = "Flight-Tracer-Info.plist";
				INFOPLIST_KEY_CFBundleDisplayName = FlightLogScan;
				INFOPLIST_KEY_NSCameraUsageDescription = "Used to take pictures of flight logs from phone";
				INFOPLIST_KEY_NSPhotoLibraryUsageDescription = "Used to access flight logs in your library";
				INFOPLIST_KEY_UIApplicationSceneManifest_Generation = YES;
				"INFOPLIST_KEY_UIApplicationSceneManifest_Generation[sdk=iphoneos*]" = YES;
				"INFOPLIST_KEY_UIApplicationSceneManifest_Generation[sdk=iphonesimulator*]" = YES;
				INFOPLIST_KEY_UIApplicationSupportsIndirectInputEvents = YES;
				"INFOPLIST_KEY_UIApplicationSupportsIndirectInputEvents[sdk=iphoneos*]" = YES;
				"INFOPLIST_KEY_UIApplicationSupportsIndirectInputEvents[sdk=iphonesimulator*]" = YES;
				"INFOPLIST_KEY_UILaunchScreen_Generation[sdk=iphoneos*]" = YES;
				"INFOPLIST_KEY_UILaunchScreen_Generation[sdk=iphonesimulator*]" = YES;
				INFOPLIST_KEY_UILaunchStoryboardName = "";
				INFOPLIST_KEY_UIStatusBarStyle = UIStatusBarStyleDefault;
				"INFOPLIST_KEY_UIStatusBarStyle[sdk=iphoneos*]" = UIStatusBarStyleDefault;
				"INFOPLIST_KEY_UIStatusBarStyle[sdk=iphonesimulator*]" = UIStatusBarStyleDefault;
				INFOPLIST_KEY_UISupportedInterfaceOrientations_iPad = "UIInterfaceOrientationPortrait UIInterfaceOrientationPortraitUpsideDown UIInterfaceOrientationLandscapeLeft UIInterfaceOrientationLandscapeRight";
				INFOPLIST_KEY_UISupportedInterfaceOrientations_iPhone = UIInterfaceOrientationPortrait;
				INFOPLIST_KEY_UIUserInterfaceStyle = Dark;
				IPHONEOS_DEPLOYMENT_TARGET = 17.5;
				LD_RUNPATH_SEARCH_PATHS = "@executable_path/Frameworks";
				"LD_RUNPATH_SEARCH_PATHS[sdk=macosx*]" = "@executable_path/../Frameworks";
				MACOSX_DEPLOYMENT_TARGET = 13.1;
				MARKETING_VERSION = 1.0;
				PRODUCT_BUNDLE_IDENTIFIER = com.willance.flightlogscan;
				PRODUCT_NAME = "$(TARGET_NAME)";
				PROVISIONING_PROFILE_SPECIFIER = "";
				SDKROOT = iphoneos;
				SUPPORTED_PLATFORMS = "iphonesimulator iphoneos";
				SWIFT_EMIT_LOC_STRINGS = YES;
				SWIFT_VERSION = 5.0;
				TARGETED_DEVICE_FAMILY = "1,2";
			};
			name = Debug;
		};
		FDE0973D2A5643F800102E96 /* Release */ = {
			isa = XCBuildConfiguration;
			buildSettings = {
				ASSETCATALOG_COMPILER_APPICON_NAME = willicon;
				ASSETCATALOG_COMPILER_GLOBAL_ACCENT_COLOR_NAME = AccentColor;
				ASSETCATALOG_COMPILER_INCLUDE_ALL_APPICON_ASSETS = YES;
				CODE_SIGN_ENTITLEMENTS = "Flight Tracer/Flight TracerRelease.entitlements";
				CODE_SIGN_IDENTITY = "Apple Development";
				CODE_SIGN_STYLE = Automatic;
				CURRENT_PROJECT_VERSION = 1;
				DEAD_CODE_STRIPPING = YES;
				DEVELOPMENT_ASSET_PATHS = "\"Flight Tracer/Preview Content\"";
				DEVELOPMENT_TEAM = NHB5BVN6YR;
				ENABLE_HARDENED_RUNTIME = YES;
				"ENABLE_HARDENED_RUNTIME[sdk=macosx*]" = YES;
				ENABLE_PREVIEWS = YES;
				GENERATE_INFOPLIST_FILE = YES;
				INFOPLIST_FILE = "Flight-Tracer-Info.plist";
				INFOPLIST_KEY_CFBundleDisplayName = FlightLogScan;
				INFOPLIST_KEY_NSCameraUsageDescription = "Used to take pictures of flight logs from phone";
				INFOPLIST_KEY_NSPhotoLibraryUsageDescription = "Used to access flight logs in your library";
				INFOPLIST_KEY_UIApplicationSceneManifest_Generation = YES;
				"INFOPLIST_KEY_UIApplicationSceneManifest_Generation[sdk=iphoneos*]" = YES;
				"INFOPLIST_KEY_UIApplicationSceneManifest_Generation[sdk=iphonesimulator*]" = YES;
				INFOPLIST_KEY_UIApplicationSupportsIndirectInputEvents = YES;
				"INFOPLIST_KEY_UIApplicationSupportsIndirectInputEvents[sdk=iphoneos*]" = YES;
				"INFOPLIST_KEY_UIApplicationSupportsIndirectInputEvents[sdk=iphonesimulator*]" = YES;
				"INFOPLIST_KEY_UILaunchScreen_Generation[sdk=iphoneos*]" = YES;
				"INFOPLIST_KEY_UILaunchScreen_Generation[sdk=iphonesimulator*]" = YES;
				INFOPLIST_KEY_UILaunchStoryboardName = "";
				INFOPLIST_KEY_UIStatusBarStyle = UIStatusBarStyleDefault;
				"INFOPLIST_KEY_UIStatusBarStyle[sdk=iphoneos*]" = UIStatusBarStyleDefault;
				"INFOPLIST_KEY_UIStatusBarStyle[sdk=iphonesimulator*]" = UIStatusBarStyleDefault;
				INFOPLIST_KEY_UISupportedInterfaceOrientations_iPad = "UIInterfaceOrientationPortrait UIInterfaceOrientationPortraitUpsideDown UIInterfaceOrientationLandscapeLeft UIInterfaceOrientationLandscapeRight";
				INFOPLIST_KEY_UISupportedInterfaceOrientations_iPhone = UIInterfaceOrientationPortrait;
				INFOPLIST_KEY_UIUserInterfaceStyle = Dark;
				IPHONEOS_DEPLOYMENT_TARGET = 17.5;
				LD_RUNPATH_SEARCH_PATHS = "@executable_path/Frameworks";
				"LD_RUNPATH_SEARCH_PATHS[sdk=macosx*]" = "@executable_path/../Frameworks";
				MACOSX_DEPLOYMENT_TARGET = 13.1;
				MARKETING_VERSION = 1.0;
				PRODUCT_BUNDLE_IDENTIFIER = com.willance.flightlogscan;
				PRODUCT_NAME = "$(TARGET_NAME)";
				PROVISIONING_PROFILE_SPECIFIER = "";
				SDKROOT = iphoneos;
				SUPPORTED_PLATFORMS = "iphonesimulator iphoneos";
				SWIFT_EMIT_LOC_STRINGS = YES;
				SWIFT_VERSION = 5.0;
				TARGETED_DEVICE_FAMILY = "1,2";
			};
			name = Release;
		};
		FDE0973F2A5643F800102E96 /* Debug */ = {
			isa = XCBuildConfiguration;
			buildSettings = {
				BUNDLE_LOADER = "$(TEST_HOST)";
				CLANG_ENABLE_MODULES = YES;
				CODE_SIGN_IDENTITY = "Apple Development";
				CODE_SIGN_STYLE = Automatic;
				CURRENT_PROJECT_VERSION = 1;
				DEAD_CODE_STRIPPING = YES;
				DEVELOPMENT_TEAM = "";
				GENERATE_INFOPLIST_FILE = YES;
				IPHONEOS_DEPLOYMENT_TARGET = 16.2;
				MACOSX_DEPLOYMENT_TARGET = 13.1;
				MARKETING_VERSION = 1.0;
				PRODUCT_BUNDLE_IDENTIFIER = com.willance.flightlogscan;
				PRODUCT_NAME = "$(TARGET_NAME)";
				PROVISIONING_PROFILE_SPECIFIER = "";
				SDKROOT = macosx;
				SUPPORTED_PLATFORMS = "iphoneos iphonesimulator macosx";
				SWIFT_EMIT_LOC_STRINGS = NO;
				SWIFT_OPTIMIZATION_LEVEL = "-Onone";
				SWIFT_VERSION = 5.0;
				TARGETED_DEVICE_FAMILY = "1,2";
				TEST_HOST = "$(BUILT_PRODUCTS_DIR)/Flight Tracer.app/$(BUNDLE_EXECUTABLE_FOLDER_PATH)/Flight Tracer";
			};
			name = Debug;
		};
		FDE097402A5643F800102E96 /* Release */ = {
			isa = XCBuildConfiguration;
			buildSettings = {
				BUNDLE_LOADER = "$(TEST_HOST)";
				CLANG_ENABLE_MODULES = YES;
				CODE_SIGN_IDENTITY = "Apple Development";
				CODE_SIGN_STYLE = Automatic;
				CURRENT_PROJECT_VERSION = 1;
				DEAD_CODE_STRIPPING = YES;
				DEVELOPMENT_TEAM = "";
				GENERATE_INFOPLIST_FILE = YES;
				IPHONEOS_DEPLOYMENT_TARGET = 16.2;
				MACOSX_DEPLOYMENT_TARGET = 13.1;
				MARKETING_VERSION = 1.0;
				PRODUCT_BUNDLE_IDENTIFIER = com.willance.flightlogscan;
				PRODUCT_NAME = "$(TARGET_NAME)";
				PROVISIONING_PROFILE_SPECIFIER = "";
				SDKROOT = macosx;
				SUPPORTED_PLATFORMS = "iphoneos iphonesimulator macosx";
				SWIFT_EMIT_LOC_STRINGS = NO;
				SWIFT_VERSION = 5.0;
				TARGETED_DEVICE_FAMILY = "1,2";
				TEST_HOST = "$(BUILT_PRODUCTS_DIR)/Flight Tracer.app/$(BUNDLE_EXECUTABLE_FOLDER_PATH)/Flight Tracer";
			};
			name = Release;
		};
		FDE097422A5643F800102E96 /* Debug */ = {
			isa = XCBuildConfiguration;
			buildSettings = {
				CODE_SIGN_STYLE = Automatic;
				CURRENT_PROJECT_VERSION = 1;
				DEAD_CODE_STRIPPING = YES;
				DEVELOPMENT_TEAM = NHB5BVN6YR;
				GENERATE_INFOPLIST_FILE = YES;
				IPHONEOS_DEPLOYMENT_TARGET = 16.2;
				MACOSX_DEPLOYMENT_TARGET = 13.1;
				MARKETING_VERSION = 1.0;
				PRODUCT_BUNDLE_IDENTIFIER = com.willance.flightlogscan;
				PRODUCT_NAME = "$(TARGET_NAME)";
				SDKROOT = macosx;
				SUPPORTED_PLATFORMS = "iphoneos iphonesimulator macosx";
				SWIFT_EMIT_LOC_STRINGS = NO;
				SWIFT_VERSION = 5.0;
				TARGETED_DEVICE_FAMILY = "1,2";
				TEST_TARGET_NAME = "Flight Tracer";
			};
			name = Debug;
		};
		FDE097432A5643F800102E96 /* Release */ = {
			isa = XCBuildConfiguration;
			buildSettings = {
				CODE_SIGN_STYLE = Automatic;
				CURRENT_PROJECT_VERSION = 1;
				DEAD_CODE_STRIPPING = YES;
				DEVELOPMENT_TEAM = NHB5BVN6YR;
				GENERATE_INFOPLIST_FILE = YES;
				IPHONEOS_DEPLOYMENT_TARGET = 16.2;
				MACOSX_DEPLOYMENT_TARGET = 13.1;
				MARKETING_VERSION = 1.0;
				PRODUCT_BUNDLE_IDENTIFIER = com.willance.flightlogscan;
				PRODUCT_NAME = "$(TARGET_NAME)";
				SDKROOT = macosx;
				SUPPORTED_PLATFORMS = "iphoneos iphonesimulator macosx";
				SWIFT_EMIT_LOC_STRINGS = NO;
				SWIFT_VERSION = 5.0;
				TARGETED_DEVICE_FAMILY = "1,2";
				TEST_TARGET_NAME = "Flight Tracer";
			};
			name = Release;
		};
/* End XCBuildConfiguration section */

/* Begin XCConfigurationList section */
		FDE097112A5643EA00102E96 /* Build configuration list for PBXProject "Flight Tracer" */ = {
			isa = XCConfigurationList;
			buildConfigurations = (
				FDE097392A5643F800102E96 /* Debug */,
				FDE0973A2A5643F800102E96 /* Release */,
			);
			defaultConfigurationIsVisible = 0;
			defaultConfigurationName = Release;
		};
		FDE0973B2A5643F800102E96 /* Build configuration list for PBXNativeTarget "Flight Tracer" */ = {
			isa = XCConfigurationList;
			buildConfigurations = (
				FDE0973C2A5643F800102E96 /* Debug */,
				FDE0973D2A5643F800102E96 /* Release */,
			);
			defaultConfigurationIsVisible = 0;
			defaultConfigurationName = Release;
		};
		FDE0973E2A5643F800102E96 /* Build configuration list for PBXNativeTarget "Flight TracerTests" */ = {
			isa = XCConfigurationList;
			buildConfigurations = (
				FDE0973F2A5643F800102E96 /* Debug */,
				FDE097402A5643F800102E96 /* Release */,
			);
			defaultConfigurationIsVisible = 0;
			defaultConfigurationName = Release;
		};
		FDE097412A5643F800102E96 /* Build configuration list for PBXNativeTarget "Flight TracerUITests" */ = {
			isa = XCConfigurationList;
			buildConfigurations = (
				FDE097422A5643F800102E96 /* Debug */,
				FDE097432A5643F800102E96 /* Release */,
			);
			defaultConfigurationIsVisible = 0;
			defaultConfigurationName = Release;
		};
/* End XCConfigurationList section */

/* Begin XCRemoteSwiftPackageReference section */
		9E181E7C2C71296C00ED6150 /* XCRemoteSwiftPackageReference "swift-metrics" */ = {
			isa = XCRemoteSwiftPackageReference;
			repositoryURL = "https://github.com/apple/swift-metrics.git";
			requirement = {
				kind = versionRange;
				maximumVersion = 3.0.0;
				minimumVersion = 1.0.0;
			};
		};
		9E181E832C712A7800ED6150 /* XCRemoteSwiftPackageReference "swift-prometheus" */ = {
			isa = XCRemoteSwiftPackageReference;
			repositoryURL = "https://github.com/swift-server/swift-prometheus.git";
			requirement = {
				kind = upToNextMajorVersion;
				minimumVersion = 2.0.0;
			};
		};
		D83C3CED2B13ACF80094EEAE /* XCRemoteSwiftPackageReference "firebase-ios-sdk" */ = {
			isa = XCRemoteSwiftPackageReference;
			repositoryURL = "https://github.com/firebase/firebase-ios-sdk";
			requirement = {
				kind = upToNextMajorVersion;
				minimumVersion = 10.18.0;
			};
		};
		D83C3CF42B13B6F70094EEAE /* XCRemoteSwiftPackageReference "FirebaseUI-iOS" */ = {
			isa = XCRemoteSwiftPackageReference;
			repositoryURL = "https://github.com/firebase/FirebaseUI-iOS";
			requirement = {
				kind = upToNextMajorVersion;
				minimumVersion = 12.0.0;
			};
		};
		D88804EC2D29F00200EB0A56 /* XCRemoteSwiftPackageReference "Mantis" */ = {
			isa = XCRemoteSwiftPackageReference;
			repositoryURL = "https://github.com/guoyingtao/Mantis.git";
			requirement = {
				kind = exactVersion;
				version = 2.23.1;
			};
		};
/* End XCRemoteSwiftPackageReference section */

/* Begin XCSwiftPackageProductDependency section */
		9E02220F2C7A513A0022B50E /* FirebasePerformance */ = {
			isa = XCSwiftPackageProductDependency;
			package = D83C3CED2B13ACF80094EEAE /* XCRemoteSwiftPackageReference "firebase-ios-sdk" */;
			productName = FirebasePerformance;
		};
		9E181E7D2C71296C00ED6150 /* CoreMetrics */ = {
			isa = XCSwiftPackageProductDependency;
			package = 9E181E7C2C71296C00ED6150 /* XCRemoteSwiftPackageReference "swift-metrics" */;
			productName = CoreMetrics;
		};
		9E181E7F2C71296C00ED6150 /* Metrics */ = {
			isa = XCSwiftPackageProductDependency;
			package = 9E181E7C2C71296C00ED6150 /* XCRemoteSwiftPackageReference "swift-metrics" */;
			productName = Metrics;
		};
		9E181E842C712A7800ED6150 /* Prometheus */ = {
			isa = XCSwiftPackageProductDependency;
			package = 9E181E832C712A7800ED6150 /* XCRemoteSwiftPackageReference "swift-prometheus" */;
			productName = Prometheus;
		};
		D83C3CEE2B13ACF80094EEAE /* FirebaseAuth */ = {
			isa = XCSwiftPackageProductDependency;
			package = D83C3CED2B13ACF80094EEAE /* XCRemoteSwiftPackageReference "firebase-ios-sdk" */;
			productName = FirebaseAuth;
		};
		D83C3CF52B13B6F70094EEAE /* FirebaseAuthUI */ = {
			isa = XCSwiftPackageProductDependency;
			package = D83C3CF42B13B6F70094EEAE /* XCRemoteSwiftPackageReference "FirebaseUI-iOS" */;
			productName = FirebaseAuthUI;
		};
		D83C3CF72B13B6F70094EEAE /* FirebaseEmailAuthUI */ = {
			isa = XCSwiftPackageProductDependency;
			package = D83C3CF42B13B6F70094EEAE /* XCRemoteSwiftPackageReference "FirebaseUI-iOS" */;
			productName = FirebaseEmailAuthUI;
		};
		D83C3CF92B13B6F70094EEAE /* FirebaseGoogleAuthUI */ = {
			isa = XCSwiftPackageProductDependency;
			package = D83C3CF42B13B6F70094EEAE /* XCRemoteSwiftPackageReference "FirebaseUI-iOS" */;
			productName = FirebaseGoogleAuthUI;
		};
		D83C3CFB2B13B6F70094EEAE /* FirebaseOAuthUI */ = {
			isa = XCSwiftPackageProductDependency;
			package = D83C3CF42B13B6F70094EEAE /* XCRemoteSwiftPackageReference "FirebaseUI-iOS" */;
			productName = FirebaseOAuthUI;
		};
		D88804ED2D29F00200EB0A56 /* Mantis */ = {
			isa = XCSwiftPackageProductDependency;
			package = D88804EC2D29F00200EB0A56 /* XCRemoteSwiftPackageReference "Mantis" */;
			productName = Mantis;
		};
/* End XCSwiftPackageProductDependency section */
	};
	rootObject = FDE0970E2A5643EA00102E96 /* Project object */;
}
