// !$*UTF8*$!
{
	archiveVersion = 1;
	classes = {
	};
	objectVersion = 56;
	objects = {

/* Begin PBXBuildFile section */
		9E81E8542AB7EA2800524C29 /* FormRecognizer.swift in Sources */ = {isa = PBXBuildFile; fileRef = 9E81E8532AB7EA2800524C29 /* FormRecognizer.swift */; };
		9E81E8562AB7F9D000524C29 /* WarningView.swift in Sources */ = {isa = PBXBuildFile; fileRef = 9E81E8552AB7F9D000524C29 /* WarningView.swift */; };
		D8028B372AAC1278004FFD02 /* SelectImageViewModel.swift in Sources */ = {isa = PBXBuildFile; fileRef = D8028B362AAC1278004FFD02 /* SelectImageViewModel.swift */; };
		D81FA38D2B2287F60082B178 /* CustomFUIAuthPickerViewController.swift in Sources */ = {isa = PBXBuildFile; fileRef = D81FA38C2B2287F60082B178 /* CustomFUIAuthPickerViewController.swift */; };
		D836F9412B01520F000FC988 /* ContentView.swift in Sources */ = {isa = PBXBuildFile; fileRef = D836F9402B01520F000FC988 /* ContentView.swift */; };
		D836F9432B0153B6000FC988 /* User.swift in Sources */ = {isa = PBXBuildFile; fileRef = D836F9422B0153B6000FC988 /* User.swift */; };
		D83C3CEF2B13ACF80094EEAE /* FirebaseAuth in Frameworks */ = {isa = PBXBuildFile; productRef = D83C3CEE2B13ACF80094EEAE /* FirebaseAuth */; };
		D83C3CF32B13B34C0094EEAE /* GoogleService-Info.plist in Resources */ = {isa = PBXBuildFile; fileRef = D83C3CF22B13B34C0094EEAE /* GoogleService-Info.plist */; };
		D83C3CF62B13B6F70094EEAE /* FirebaseAuthUI in Frameworks */ = {isa = PBXBuildFile; productRef = D83C3CF52B13B6F70094EEAE /* FirebaseAuthUI */; };
		D83C3CF82B13B6F70094EEAE /* FirebaseEmailAuthUI in Frameworks */ = {isa = PBXBuildFile; productRef = D83C3CF72B13B6F70094EEAE /* FirebaseEmailAuthUI */; };
		D83C3CFA2B13B6F70094EEAE /* FirebaseGoogleAuthUI in Frameworks */ = {isa = PBXBuildFile; productRef = D83C3CF92B13B6F70094EEAE /* FirebaseGoogleAuthUI */; };
		D83C3CFC2B13B6F70094EEAE /* FirebaseOAuthUI in Frameworks */ = {isa = PBXBuildFile; productRef = D83C3CFB2B13B6F70094EEAE /* FirebaseOAuthUI */; };
		D83C3CFE2B13C3C90094EEAE /* LoginView.swift in Sources */ = {isa = PBXBuildFile; fileRef = D83C3CFD2B13C3C90094EEAE /* LoginView.swift */; };
		D83F9EE52B197302005B31A3 /* CarouselButtonView.swift in Sources */ = {isa = PBXBuildFile; fileRef = D83F9EE42B197302005B31A3 /* CarouselButtonView.swift */; };
		D84FF5C72AAFF7FA009B2ACB /* PhotoPickerView.swift in Sources */ = {isa = PBXBuildFile; fileRef = D84FF5C62AAFF7FA009B2ACB /* PhotoPickerView.swift */; };
		D84FF5CC2AB7546D009B2ACB /* ImageDetail.swift in Sources */ = {isa = PBXBuildFile; fileRef = D84FF5CB2AB7546D009B2ACB /* ImageDetail.swift */; };
		D879525B2AA3D5690076E898 /* ScannedFlightLogsView.swift in Sources */ = {isa = PBXBuildFile; fileRef = D87952542AA3D49F0076E898 /* ScannedFlightLogsView.swift */; };
		D879525C2AA3D5690076E898 /* ImageHintsView.swift in Sources */ = {isa = PBXBuildFile; fileRef = D87952562AA3D49F0076E898 /* ImageHintsView.swift */; };
		D879525D2AA3D5690076E898 /* EditableLogGridView.swift in Sources */ = {isa = PBXBuildFile; fileRef = D87952572AA3D49F0076E898 /* EditableLogGridView.swift */; };
		D879525E2AA3D5690076E898 /* ImagePresentationView.swift in Sources */ = {isa = PBXBuildFile; fileRef = D87952582AA3D49F0076E898 /* ImagePresentationView.swift */; };
		D87952602AA3D5690076E898 /* FlightLogUploadView.swift in Sources */ = {isa = PBXBuildFile; fileRef = D879525A2AA3D49F0076E898 /* FlightLogUploadView.swift */; };
		D87952642AA3D5690076E898 /* ImageTextRecognizer.swift in Sources */ = {isa = PBXBuildFile; fileRef = D879523E2AA3D49F0076E898 /* ImageTextRecognizer.swift */; };
		D87952652AA3D5690076E898 /* ContentViewModel.swift in Sources */ = {isa = PBXBuildFile; fileRef = D879523F2AA3D49F0076E898 /* ContentViewModel.swift */; };
		D87952662AA3D5690076E898 /* CsvManager.swift in Sources */ = {isa = PBXBuildFile; fileRef = D87952412AA3D49F0076E898 /* CsvManager.swift */; };
		D87952672AA3D5690076E898 /* Array+Conversions.swift in Sources */ = {isa = PBXBuildFile; fileRef = D87952432AA3D49F0076E898 /* Array+Conversions.swift */; };
		D87952682AA3D5690076E898 /* RecognizedTextProcessor.swift in Sources */ = {isa = PBXBuildFile; fileRef = D87952452AA3D49F0076E898 /* RecognizedTextProcessor.swift */; };
		D87952692AA3D5690076E898 /* FieldNameConverter.swift in Sources */ = {isa = PBXBuildFile; fileRef = D87952462AA3D49F0076E898 /* FieldNameConverter.swift */; };
		D879526A2AA3D5690076E898 /* Flight_TracerApp.swift in Sources */ = {isa = PBXBuildFile; fileRef = D879524F2AA3D49F0076E898 /* Flight_TracerApp.swift */; };
		D88DE8A02ABBE16A0080D5EB /* AnalyzeResult.swift in Sources */ = {isa = PBXBuildFile; fileRef = D88DE89F2ABBE16A0080D5EB /* AnalyzeResult.swift */; };
		D88DE8A32ABBE1E40080D5EB /* ScanView.swift in Sources */ = {isa = PBXBuildFile; fileRef = D88DE8A22ABBE1E40080D5EB /* ScanView.swift */; };
		D88DE8A52AC0AF7F0080D5EB /* DownloadView.swift in Sources */ = {isa = PBXBuildFile; fileRef = D88DE8A42AC0AF7F0080D5EB /* DownloadView.swift */; };
		D88DE8A72AC0B86C0080D5EB /* Emptytest.swift in Sources */ = {isa = PBXBuildFile; fileRef = D88DE8A62AC0B86C0080D5EB /* Emptytest.swift */; };
		D8C9D0A62B19221100854F41 /* PhotoCarouselView.swift in Sources */ = {isa = PBXBuildFile; fileRef = D8C9D0A52B19221100854F41 /* PhotoCarouselView.swift */; };
		D8D458DA2AACCFE500E29B83 /* ImageTaker.swift in Sources */ = {isa = PBXBuildFile; fileRef = D8D458D92AACCFE500E29B83 /* ImageTaker.swift */; };
		D8DD98242AA81F4100F43034 /* custom-layout.json in Resources */ = {isa = PBXBuildFile; fileRef = D8DD98232AA81F4100F43034 /* custom-layout.json */; };
		D8DD98262AA81FC600F43034 /* ExperimentalTable.swift in Sources */ = {isa = PBXBuildFile; fileRef = D8DD98252AA81FC600F43034 /* ExperimentalTable.swift */; };
		D8EA91042AAFF588003B8DE5 /* CameraView.swift in Sources */ = {isa = PBXBuildFile; fileRef = D8EA91032AAFF588003B8DE5 /* CameraView.swift */; };
		FDE0972C2A5643F800102E96 /* Flight_TracerTests.swift in Sources */ = {isa = PBXBuildFile; fileRef = FDE0972B2A5643F800102E96 /* Flight_TracerTests.swift */; };
		FDE097362A5643F800102E96 /* Flight_TracerUITests.swift in Sources */ = {isa = PBXBuildFile; fileRef = FDE097352A5643F800102E96 /* Flight_TracerUITests.swift */; };
		FDE097382A5643F800102E96 /* Flight_TracerUITestsLaunchTests.swift in Sources */ = {isa = PBXBuildFile; fileRef = FDE097372A5643F800102E96 /* Flight_TracerUITestsLaunchTests.swift */; };
/* End PBXBuildFile section */

/* Begin PBXContainerItemProxy section */
		FDE097282A5643F800102E96 /* PBXContainerItemProxy */ = {
			isa = PBXContainerItemProxy;
			containerPortal = FDE0970E2A5643EA00102E96 /* Project object */;
			proxyType = 1;
			remoteGlobalIDString = FDE097152A5643EA00102E96;
			remoteInfo = "Flight Tracer";
		};
		FDE097322A5643F800102E96 /* PBXContainerItemProxy */ = {
			isa = PBXContainerItemProxy;
			containerPortal = FDE0970E2A5643EA00102E96 /* Project object */;
			proxyType = 1;
			remoteGlobalIDString = FDE097152A5643EA00102E96;
			remoteInfo = "Flight Tracer";
		};
/* End PBXContainerItemProxy section */

/* Begin PBXFileReference section */
		9E81E8532AB7EA2800524C29 /* FormRecognizer.swift */ = {isa = PBXFileReference; lastKnownFileType = sourcecode.swift; path = FormRecognizer.swift; sourceTree = "<group>"; };
		9E81E8552AB7F9D000524C29 /* WarningView.swift */ = {isa = PBXFileReference; lastKnownFileType = sourcecode.swift; path = WarningView.swift; sourceTree = "<group>"; };
		D8028B362AAC1278004FFD02 /* SelectImageViewModel.swift */ = {isa = PBXFileReference; lastKnownFileType = sourcecode.swift; path = SelectImageViewModel.swift; sourceTree = "<group>"; };
		D81FA38C2B2287F60082B178 /* CustomFUIAuthPickerViewController.swift */ = {isa = PBXFileReference; lastKnownFileType = sourcecode.swift; path = CustomFUIAuthPickerViewController.swift; sourceTree = "<group>"; };
		D836F93F2B015142000FC988 /* Flight-Tracer-Info.plist */ = {isa = PBXFileReference; lastKnownFileType = text.plist; path = "Flight-Tracer-Info.plist"; sourceTree = SOURCE_ROOT; };
		D836F9402B01520F000FC988 /* ContentView.swift */ = {isa = PBXFileReference; lastKnownFileType = sourcecode.swift; path = ContentView.swift; sourceTree = "<group>"; };
		D836F9422B0153B6000FC988 /* User.swift */ = {isa = PBXFileReference; lastKnownFileType = sourcecode.swift; path = User.swift; sourceTree = "<group>"; };
		D83C3CF22B13B34C0094EEAE /* GoogleService-Info.plist */ = {isa = PBXFileReference; fileEncoding = 4; lastKnownFileType = text.plist.xml; path = "GoogleService-Info.plist"; sourceTree = "<group>"; };
		D83C3CFD2B13C3C90094EEAE /* LoginView.swift */ = {isa = PBXFileReference; lastKnownFileType = sourcecode.swift; path = LoginView.swift; sourceTree = "<group>"; };
		D83F9EE42B197302005B31A3 /* CarouselButtonView.swift */ = {isa = PBXFileReference; lastKnownFileType = sourcecode.swift; path = CarouselButtonView.swift; sourceTree = "<group>"; };
		D84FF5C62AAFF7FA009B2ACB /* PhotoPickerView.swift */ = {isa = PBXFileReference; lastKnownFileType = sourcecode.swift; path = PhotoPickerView.swift; sourceTree = "<group>"; };
		D84FF5CB2AB7546D009B2ACB /* ImageDetail.swift */ = {isa = PBXFileReference; lastKnownFileType = sourcecode.swift; path = ImageDetail.swift; sourceTree = "<group>"; };
		D879523E2AA3D49F0076E898 /* ImageTextRecognizer.swift */ = {isa = PBXFileReference; lastKnownFileType = sourcecode.swift; path = ImageTextRecognizer.swift; sourceTree = "<group>"; };
		D879523F2AA3D49F0076E898 /* ContentViewModel.swift */ = {isa = PBXFileReference; lastKnownFileType = sourcecode.swift; path = ContentViewModel.swift; sourceTree = "<group>"; };
		D87952412AA3D49F0076E898 /* CsvManager.swift */ = {isa = PBXFileReference; lastKnownFileType = sourcecode.swift; path = CsvManager.swift; sourceTree = "<group>"; };
		D87952432AA3D49F0076E898 /* Array+Conversions.swift */ = {isa = PBXFileReference; lastKnownFileType = sourcecode.swift; path = "Array+Conversions.swift"; sourceTree = "<group>"; };
		D87952452AA3D49F0076E898 /* RecognizedTextProcessor.swift */ = {isa = PBXFileReference; lastKnownFileType = sourcecode.swift; path = RecognizedTextProcessor.swift; sourceTree = "<group>"; };
		D87952462AA3D49F0076E898 /* FieldNameConverter.swift */ = {isa = PBXFileReference; lastKnownFileType = sourcecode.swift; path = FieldNameConverter.swift; sourceTree = "<group>"; };
		D87952472AA3D49F0076E898 /* Assets.xcassets */ = {isa = PBXFileReference; lastKnownFileType = folder.assetcatalog; path = Assets.xcassets; sourceTree = "<group>"; };
		D87952492AA3D49F0076E898 /* Preview Assets.xcassets */ = {isa = PBXFileReference; lastKnownFileType = folder.assetcatalog; path = "Preview Assets.xcassets"; sourceTree = "<group>"; };
		D879524A2AA3D49F0076E898 /* Flight_Tracer.entitlements */ = {isa = PBXFileReference; lastKnownFileType = text.plist.entitlements; path = Flight_Tracer.entitlements; sourceTree = "<group>"; };
		D879524E2AA3D49F0076E898 /* ExampleGetAnalyzeResultFormLayout.json */ = {isa = PBXFileReference; lastKnownFileType = text.json; path = ExampleGetAnalyzeResultFormLayout.json; sourceTree = "<group>"; };
		D879524F2AA3D49F0076E898 /* Flight_TracerApp.swift */ = {isa = PBXFileReference; lastKnownFileType = sourcecode.swift; path = Flight_TracerApp.swift; sourceTree = "<group>"; };
		D87952542AA3D49F0076E898 /* ScannedFlightLogsView.swift */ = {isa = PBXFileReference; lastKnownFileType = sourcecode.swift; path = ScannedFlightLogsView.swift; sourceTree = "<group>"; };
		D87952562AA3D49F0076E898 /* ImageHintsView.swift */ = {isa = PBXFileReference; lastKnownFileType = sourcecode.swift; path = ImageHintsView.swift; sourceTree = "<group>"; };
		D87952572AA3D49F0076E898 /* EditableLogGridView.swift */ = {isa = PBXFileReference; lastKnownFileType = sourcecode.swift; path = EditableLogGridView.swift; sourceTree = "<group>"; };
		D87952582AA3D49F0076E898 /* ImagePresentationView.swift */ = {isa = PBXFileReference; lastKnownFileType = sourcecode.swift; path = ImagePresentationView.swift; sourceTree = "<group>"; };
		D879525A2AA3D49F0076E898 /* FlightLogUploadView.swift */ = {isa = PBXFileReference; lastKnownFileType = sourcecode.swift; path = FlightLogUploadView.swift; sourceTree = "<group>"; };
		D88DE89F2ABBE16A0080D5EB /* AnalyzeResult.swift */ = {isa = PBXFileReference; lastKnownFileType = sourcecode.swift; path = AnalyzeResult.swift; sourceTree = "<group>"; };
		D88DE8A22ABBE1E40080D5EB /* ScanView.swift */ = {isa = PBXFileReference; lastKnownFileType = sourcecode.swift; path = ScanView.swift; sourceTree = "<group>"; };
		D88DE8A42AC0AF7F0080D5EB /* DownloadView.swift */ = {isa = PBXFileReference; lastKnownFileType = sourcecode.swift; path = DownloadView.swift; sourceTree = "<group>"; };
		D88DE8A62AC0B86C0080D5EB /* Emptytest.swift */ = {isa = PBXFileReference; lastKnownFileType = sourcecode.swift; path = Emptytest.swift; sourceTree = "<group>"; };
		D8C9D0A52B19221100854F41 /* PhotoCarouselView.swift */ = {isa = PBXFileReference; lastKnownFileType = sourcecode.swift; path = PhotoCarouselView.swift; sourceTree = "<group>"; };
		D8D458D92AACCFE500E29B83 /* ImageTaker.swift */ = {isa = PBXFileReference; lastKnownFileType = sourcecode.swift; path = ImageTaker.swift; sourceTree = "<group>"; };
		D8DD98232AA81F4100F43034 /* custom-layout.json */ = {isa = PBXFileReference; fileEncoding = 4; lastKnownFileType = text.json; path = "custom-layout.json"; sourceTree = "<group>"; };
		D8DD98252AA81FC600F43034 /* ExperimentalTable.swift */ = {isa = PBXFileReference; lastKnownFileType = sourcecode.swift; path = ExperimentalTable.swift; sourceTree = "<group>"; };
		D8EA91032AAFF588003B8DE5 /* CameraView.swift */ = {isa = PBXFileReference; lastKnownFileType = sourcecode.swift; path = CameraView.swift; sourceTree = "<group>"; };
		FDE097162A5643EA00102E96 /* Flight Tracer.app */ = {isa = PBXFileReference; explicitFileType = wrapper.application; includeInIndex = 0; path = "Flight Tracer.app"; sourceTree = BUILT_PRODUCTS_DIR; };
		FDE097272A5643F800102E96 /* Flight TracerTests.xctest */ = {isa = PBXFileReference; explicitFileType = wrapper.cfbundle; includeInIndex = 0; path = "Flight TracerTests.xctest"; sourceTree = BUILT_PRODUCTS_DIR; };
		FDE0972B2A5643F800102E96 /* Flight_TracerTests.swift */ = {isa = PBXFileReference; lastKnownFileType = sourcecode.swift; path = Flight_TracerTests.swift; sourceTree = "<group>"; };
		FDE097312A5643F800102E96 /* Flight TracerUITests.xctest */ = {isa = PBXFileReference; explicitFileType = wrapper.cfbundle; includeInIndex = 0; path = "Flight TracerUITests.xctest"; sourceTree = BUILT_PRODUCTS_DIR; };
		FDE097352A5643F800102E96 /* Flight_TracerUITests.swift */ = {isa = PBXFileReference; lastKnownFileType = sourcecode.swift; path = Flight_TracerUITests.swift; sourceTree = "<group>"; };
		FDE097372A5643F800102E96 /* Flight_TracerUITestsLaunchTests.swift */ = {isa = PBXFileReference; lastKnownFileType = sourcecode.swift; path = Flight_TracerUITestsLaunchTests.swift; sourceTree = "<group>"; };
/* End PBXFileReference section */

/* Begin PBXFrameworksBuildPhase section */
		FDE097132A5643EA00102E96 /* Frameworks */ = {
			isa = PBXFrameworksBuildPhase;
			buildActionMask = 2147483647;
			files = (
				D83C3CFA2B13B6F70094EEAE /* FirebaseGoogleAuthUI in Frameworks */,
				D83C3CFC2B13B6F70094EEAE /* FirebaseOAuthUI in Frameworks */,
				D83C3CF82B13B6F70094EEAE /* FirebaseEmailAuthUI in Frameworks */,
				D83C3CF62B13B6F70094EEAE /* FirebaseAuthUI in Frameworks */,
				D83C3CEF2B13ACF80094EEAE /* FirebaseAuth in Frameworks */,
			);
			runOnlyForDeploymentPostprocessing = 0;
		};
		FDE097242A5643F800102E96 /* Frameworks */ = {
			isa = PBXFrameworksBuildPhase;
			buildActionMask = 2147483647;
			files = (
			);
			runOnlyForDeploymentPostprocessing = 0;
		};
		FDE0972E2A5643F800102E96 /* Frameworks */ = {
			isa = PBXFrameworksBuildPhase;
			buildActionMask = 2147483647;
			files = (
			);
			runOnlyForDeploymentPostprocessing = 0;
		};
/* End PBXFrameworksBuildPhase section */

/* Begin PBXGroup section */
		9E81E8522AB7E9B100524C29 /* Daos */ = {
			isa = PBXGroup;
			children = (
				9E81E8532AB7EA2800524C29 /* FormRecognizer.swift */,
			);
			path = Daos;
			sourceTree = "<group>";
		};
		D81FA38B2B2287AC0082B178 /* ViewControllers */ = {
			isa = PBXGroup;
			children = (
				D81FA38C2B2287F60082B178 /* CustomFUIAuthPickerViewController.swift */,
			);
			path = ViewControllers;
			sourceTree = "<group>";
		};
		D84FF5CA2AB75461009B2ACB /* Model */ = {
			isa = PBXGroup;
			children = (
				D84FF5CB2AB7546D009B2ACB /* ImageDetail.swift */,
				D88DE89F2ABBE16A0080D5EB /* AnalyzeResult.swift */,
				D836F9422B0153B6000FC988 /* User.swift */,
			);
			path = Model;
			sourceTree = "<group>";
		};
		D85561F62AAC233400A3CA49 /* MainViews */ = {
			isa = PBXGroup;
			children = (
				D87952542AA3D49F0076E898 /* ScannedFlightLogsView.swift */,
				D879525A2AA3D49F0076E898 /* FlightLogUploadView.swift */,
				D836F9402B01520F000FC988 /* ContentView.swift */,
				D83C3CFD2B13C3C90094EEAE /* LoginView.swift */,
			);
			path = MainViews;
			sourceTree = "<group>";
		};
		D85561F72AAC234000A3CA49 /* DevViews */ = {
			isa = PBXGroup;
			children = (
				9E81E8552AB7F9D000524C29 /* WarningView.swift */,
				D8DD98252AA81FC600F43034 /* ExperimentalTable.swift */,
				D88DE8A62AC0B86C0080D5EB /* Emptytest.swift */,
			);
			path = DevViews;
			sourceTree = "<group>";
		};
		D85561F82AAC237600A3CA49 /* File */ = {
			isa = PBXGroup;
			children = (
				D87952412AA3D49F0076E898 /* CsvManager.swift */,
			);
			path = File;
			sourceTree = "<group>";
		};
		D879523C2AA3D49F0076E898 /* Flight Tracer */ = {
			isa = PBXGroup;
			children = (
				D836F93F2B015142000FC988 /* Flight-Tracer-Info.plist */,
				9E81E8522AB7E9B100524C29 /* Daos */,
				D84FF5CA2AB75461009B2ACB /* Model */,
				D87952532AA3D49F0076E898 /* Views */,
				D81FA38B2B2287AC0082B178 /* ViewControllers */,
				D879523D2AA3D49F0076E898 /* ViewModel */,
				D87952442AA3D49F0076E898 /* Text */,
				D87952402AA3D49F0076E898 /* Util */,
				D879524D2AA3D49F0076E898 /* Example Data */,
				D87952482AA3D49F0076E898 /* Preview Content */,
				D87952472AA3D49F0076E898 /* Assets.xcassets */,
				D83C3CF22B13B34C0094EEAE /* GoogleService-Info.plist */,
				D879524A2AA3D49F0076E898 /* Flight_Tracer.entitlements */,
				D879524F2AA3D49F0076E898 /* Flight_TracerApp.swift */,
			);
			path = "Flight Tracer";
			sourceTree = "<group>";
		};
		D879523D2AA3D49F0076E898 /* ViewModel */ = {
			isa = PBXGroup;
			children = (
				D8D458D92AACCFE500E29B83 /* ImageTaker.swift */,
				D879523E2AA3D49F0076E898 /* ImageTextRecognizer.swift */,
				D879523F2AA3D49F0076E898 /* ContentViewModel.swift */,
				D8028B362AAC1278004FFD02 /* SelectImageViewModel.swift */,
			);
			path = ViewModel;
			sourceTree = "<group>";
		};
		D87952402AA3D49F0076E898 /* Util */ = {
			isa = PBXGroup;
			children = (
				D85561F82AAC237600A3CA49 /* File */,
				D87952422AA3D49F0076E898 /* Extensions */,
			);
			path = Util;
			sourceTree = "<group>";
		};
		D87952422AA3D49F0076E898 /* Extensions */ = {
			isa = PBXGroup;
			children = (
				D87952432AA3D49F0076E898 /* Array+Conversions.swift */,
			);
			path = Extensions;
			sourceTree = "<group>";
		};
		D87952442AA3D49F0076E898 /* Text */ = {
			isa = PBXGroup;
			children = (
				D87952452AA3D49F0076E898 /* RecognizedTextProcessor.swift */,
				D87952462AA3D49F0076E898 /* FieldNameConverter.swift */,
			);
			path = Text;
			sourceTree = "<group>";
		};
		D87952482AA3D49F0076E898 /* Preview Content */ = {
			isa = PBXGroup;
			children = (
				D87952492AA3D49F0076E898 /* Preview Assets.xcassets */,
			);
			path = "Preview Content";
			sourceTree = "<group>";
		};
		D879524D2AA3D49F0076E898 /* Example Data */ = {
			isa = PBXGroup;
			children = (
				D8DD98232AA81F4100F43034 /* custom-layout.json */,
				D879524E2AA3D49F0076E898 /* ExampleGetAnalyzeResultFormLayout.json */,
			);
			path = "Example Data";
			sourceTree = "<group>";
		};
		D87952532AA3D49F0076E898 /* Views */ = {
			isa = PBXGroup;
			children = (
				D85561F62AAC233400A3CA49 /* MainViews */,
				D87952552AA3D49F0076E898 /* SubViews */,
				D85561F72AAC234000A3CA49 /* DevViews */,
			);
			path = Views;
			sourceTree = "<group>";
		};
		D87952552AA3D49F0076E898 /* SubViews */ = {
			isa = PBXGroup;
			children = (
				D88DE8A12ABBE1C30080D5EB /* Buttons */,
				D8C9D0A52B19221100854F41 /* PhotoCarouselView.swift */,
				D87952562AA3D49F0076E898 /* ImageHintsView.swift */,
				D87952572AA3D49F0076E898 /* EditableLogGridView.swift */,
				D87952582AA3D49F0076E898 /* ImagePresentationView.swift */,
			);
			path = SubViews;
			sourceTree = "<group>";
		};
		D88DE8A12ABBE1C30080D5EB /* Buttons */ = {
			isa = PBXGroup;
			children = (
				D8EA91032AAFF588003B8DE5 /* CameraView.swift */,
				D84FF5C62AAFF7FA009B2ACB /* PhotoPickerView.swift */,
				D88DE8A22ABBE1E40080D5EB /* ScanView.swift */,
				D88DE8A42AC0AF7F0080D5EB /* DownloadView.swift */,
				D83F9EE42B197302005B31A3 /* CarouselButtonView.swift */,
			);
			path = Buttons;
			sourceTree = "<group>";
		};
		FDE0970D2A5643EA00102E96 = {
			isa = PBXGroup;
			children = (
				D879523C2AA3D49F0076E898 /* Flight Tracer */,
				FDE0972A2A5643F800102E96 /* Flight TracerTests */,
				FDE097342A5643F800102E96 /* Flight TracerUITests */,
				FDE097172A5643EA00102E96 /* Products */,
			);
			sourceTree = "<group>";
		};
		FDE097172A5643EA00102E96 /* Products */ = {
			isa = PBXGroup;
			children = (
				FDE097162A5643EA00102E96 /* Flight Tracer.app */,
				FDE097272A5643F800102E96 /* Flight TracerTests.xctest */,
				FDE097312A5643F800102E96 /* Flight TracerUITests.xctest */,
			);
			name = Products;
			sourceTree = "<group>";
		};
		FDE0972A2A5643F800102E96 /* Flight TracerTests */ = {
			isa = PBXGroup;
			children = (
				FDE0972B2A5643F800102E96 /* Flight_TracerTests.swift */,
			);
			path = "Flight TracerTests";
			sourceTree = "<group>";
		};
		FDE097342A5643F800102E96 /* Flight TracerUITests */ = {
			isa = PBXGroup;
			children = (
				FDE097352A5643F800102E96 /* Flight_TracerUITests.swift */,
				FDE097372A5643F800102E96 /* Flight_TracerUITestsLaunchTests.swift */,
			);
			path = "Flight TracerUITests";
			sourceTree = "<group>";
		};
/* End PBXGroup section */

/* Begin PBXNativeTarget section */
		FDE097152A5643EA00102E96 /* Flight Tracer */ = {
			isa = PBXNativeTarget;
			buildConfigurationList = FDE0973B2A5643F800102E96 /* Build configuration list for PBXNativeTarget "Flight Tracer" */;
			buildPhases = (
				FDE097122A5643EA00102E96 /* Sources */,
				FDE097132A5643EA00102E96 /* Frameworks */,
				FDE097142A5643EA00102E96 /* Resources */,
			);
			buildRules = (
			);
			dependencies = (
			);
			name = "Flight Tracer";
			packageProductDependencies = (
				D83C3CEE2B13ACF80094EEAE /* FirebaseAuth */,
				D83C3CF52B13B6F70094EEAE /* FirebaseAuthUI */,
				D83C3CF72B13B6F70094EEAE /* FirebaseEmailAuthUI */,
				D83C3CF92B13B6F70094EEAE /* FirebaseGoogleAuthUI */,
				D83C3CFB2B13B6F70094EEAE /* FirebaseOAuthUI */,
			);
			productName = "Flight Tracer";
			productReference = FDE097162A5643EA00102E96 /* Flight Tracer.app */;
			productType = "com.apple.product-type.application";
		};
		FDE097262A5643F800102E96 /* Flight TracerTests */ = {
			isa = PBXNativeTarget;
			buildConfigurationList = FDE0973E2A5643F800102E96 /* Build configuration list for PBXNativeTarget "Flight TracerTests" */;
			buildPhases = (
				FDE097232A5643F800102E96 /* Sources */,
				FDE097242A5643F800102E96 /* Frameworks */,
				FDE097252A5643F800102E96 /* Resources */,
			);
			buildRules = (
			);
			dependencies = (
				FDE097292A5643F800102E96 /* PBXTargetDependency */,
			);
			name = "Flight TracerTests";
			productName = "Flight TracerTests";
			productReference = FDE097272A5643F800102E96 /* Flight TracerTests.xctest */;
			productType = "com.apple.product-type.bundle.unit-test";
		};
		FDE097302A5643F800102E96 /* Flight TracerUITests */ = {
			isa = PBXNativeTarget;
			buildConfigurationList = FDE097412A5643F800102E96 /* Build configuration list for PBXNativeTarget "Flight TracerUITests" */;
			buildPhases = (
				FDE0972D2A5643F800102E96 /* Sources */,
				FDE0972E2A5643F800102E96 /* Frameworks */,
				FDE0972F2A5643F800102E96 /* Resources */,
			);
			buildRules = (
			);
			dependencies = (
				FDE097332A5643F800102E96 /* PBXTargetDependency */,
			);
			name = "Flight TracerUITests";
			productName = "Flight TracerUITests";
			productReference = FDE097312A5643F800102E96 /* Flight TracerUITests.xctest */;
			productType = "com.apple.product-type.bundle.ui-testing";
		};
/* End PBXNativeTarget section */

/* Begin PBXProject section */
		FDE0970E2A5643EA00102E96 /* Project object */ = {
			isa = PBXProject;
			attributes = {
				BuildIndependentTargetsInParallel = 1;
				LastSwiftUpdateCheck = 1420;
				LastUpgradeCheck = 1500;
				TargetAttributes = {
					FDE097152A5643EA00102E96 = {
						CreatedOnToolsVersion = 14.2;
					};
					FDE097262A5643F800102E96 = {
						CreatedOnToolsVersion = 14.2;
						TestTargetID = FDE097152A5643EA00102E96;
					};
					FDE097302A5643F800102E96 = {
						CreatedOnToolsVersion = 14.2;
						TestTargetID = FDE097152A5643EA00102E96;
					};
				};
			};
			buildConfigurationList = FDE097112A5643EA00102E96 /* Build configuration list for PBXProject "Flight Tracer" */;
			compatibilityVersion = "Xcode 14.0";
			developmentRegion = en;
			hasScannedForEncodings = 0;
			knownRegions = (
				en,
				Base,
			);
			mainGroup = FDE0970D2A5643EA00102E96;
			packageReferences = (
				D83C3CED2B13ACF80094EEAE /* XCRemoteSwiftPackageReference "firebase-ios-sdk" */,
				D83C3CF42B13B6F70094EEAE /* XCRemoteSwiftPackageReference "FirebaseUI-iOS" */,
			);
			productRefGroup = FDE097172A5643EA00102E96 /* Products */;
			projectDirPath = "";
			projectRoot = "";
			targets = (
				FDE097152A5643EA00102E96 /* Flight Tracer */,
				FDE097262A5643F800102E96 /* Flight TracerTests */,
				FDE097302A5643F800102E96 /* Flight TracerUITests */,
			);
		};
/* End PBXProject section */

/* Begin PBXResourcesBuildPhase section */
		FDE097142A5643EA00102E96 /* Resources */ = {
			isa = PBXResourcesBuildPhase;
			buildActionMask = 2147483647;
			files = (
				D8DD98242AA81F4100F43034 /* custom-layout.json in Resources */,
				D83C3CF32B13B34C0094EEAE /* GoogleService-Info.plist in Resources */,
			);
			runOnlyForDeploymentPostprocessing = 0;
		};
		FDE097252A5643F800102E96 /* Resources */ = {
			isa = PBXResourcesBuildPhase;
			buildActionMask = 2147483647;
			files = (
			);
			runOnlyForDeploymentPostprocessing = 0;
		};
		FDE0972F2A5643F800102E96 /* Resources */ = {
			isa = PBXResourcesBuildPhase;
			buildActionMask = 2147483647;
			files = (
			);
			runOnlyForDeploymentPostprocessing = 0;
		};
/* End PBXResourcesBuildPhase section */

/* Begin PBXSourcesBuildPhase section */
		FDE097122A5643EA00102E96 /* Sources */ = {
			isa = PBXSourcesBuildPhase;
			buildActionMask = 2147483647;
			files = (
				D88DE8A52AC0AF7F0080D5EB /* DownloadView.swift in Sources */,
				D879525B2AA3D5690076E898 /* ScannedFlightLogsView.swift in Sources */,
				D879525C2AA3D5690076E898 /* ImageHintsView.swift in Sources */,
				D879525D2AA3D5690076E898 /* EditableLogGridView.swift in Sources */,
				D8DD98262AA81FC600F43034 /* ExperimentalTable.swift in Sources */,
				D8028B372AAC1278004FFD02 /* SelectImageViewModel.swift in Sources */,
				D81FA38D2B2287F60082B178 /* CustomFUIAuthPickerViewController.swift in Sources */,
				D879525E2AA3D5690076E898 /* ImagePresentationView.swift in Sources */,
				D87952602AA3D5690076E898 /* FlightLogUploadView.swift in Sources */,
				9E81E8542AB7EA2800524C29 /* FormRecognizer.swift in Sources */,
				D87952642AA3D5690076E898 /* ImageTextRecognizer.swift in Sources */,
				D83F9EE52B197302005B31A3 /* CarouselButtonView.swift in Sources */,
				D84FF5CC2AB7546D009B2ACB /* ImageDetail.swift in Sources */,
				D87952652AA3D5690076E898 /* ContentViewModel.swift in Sources */,
				D87952662AA3D5690076E898 /* CsvManager.swift in Sources */,
				D88DE8A72AC0B86C0080D5EB /* Emptytest.swift in Sources */,
				D87952672AA3D5690076E898 /* Array+Conversions.swift in Sources */,
				D87952682AA3D5690076E898 /* RecognizedTextProcessor.swift in Sources */,
				9E81E8562AB7F9D000524C29 /* WarningView.swift in Sources */,
				D88DE8A32ABBE1E40080D5EB /* ScanView.swift in Sources */,
				D87952692AA3D5690076E898 /* FieldNameConverter.swift in Sources */,
				D8C9D0A62B19221100854F41 /* PhotoCarouselView.swift in Sources */,
				D836F9432B0153B6000FC988 /* User.swift in Sources */,
				D88DE8A02ABBE16A0080D5EB /* AnalyzeResult.swift in Sources */,
				D83C3CFE2B13C3C90094EEAE /* LoginView.swift in Sources */,
				D836F9412B01520F000FC988 /* ContentView.swift in Sources */,
				D879526A2AA3D5690076E898 /* Flight_TracerApp.swift in Sources */,
				D8D458DA2AACCFE500E29B83 /* ImageTaker.swift in Sources */,
				D84FF5C72AAFF7FA009B2ACB /* PhotoPickerView.swift in Sources */,
				D8EA91042AAFF588003B8DE5 /* CameraView.swift in Sources */,
			);
			runOnlyForDeploymentPostprocessing = 0;
		};
		FDE097232A5643F800102E96 /* Sources */ = {
			isa = PBXSourcesBuildPhase;
			buildActionMask = 2147483647;
			files = (
				FDE0972C2A5643F800102E96 /* Flight_TracerTests.swift in Sources */,
			);
			runOnlyForDeploymentPostprocessing = 0;
		};
		FDE0972D2A5643F800102E96 /* Sources */ = {
			isa = PBXSourcesBuildPhase;
			buildActionMask = 2147483647;
			files = (
				FDE097362A5643F800102E96 /* Flight_TracerUITests.swift in Sources */,
				FDE097382A5643F800102E96 /* Flight_TracerUITestsLaunchTests.swift in Sources */,
			);
			runOnlyForDeploymentPostprocessing = 0;
		};
/* End PBXSourcesBuildPhase section */

/* Begin PBXTargetDependency section */
		FDE097292A5643F800102E96 /* PBXTargetDependency */ = {
			isa = PBXTargetDependency;
			target = FDE097152A5643EA00102E96 /* Flight Tracer */;
			targetProxy = FDE097282A5643F800102E96 /* PBXContainerItemProxy */;
		};
		FDE097332A5643F800102E96 /* PBXTargetDependency */ = {
			isa = PBXTargetDependency;
			target = FDE097152A5643EA00102E96 /* Flight Tracer */;
			targetProxy = FDE097322A5643F800102E96 /* PBXContainerItemProxy */;
		};
/* End PBXTargetDependency section */

/* Begin XCBuildConfiguration section */
		FDE097392A5643F800102E96 /* Debug */ = {
			isa = XCBuildConfiguration;
			buildSettings = {
				ALWAYS_SEARCH_USER_PATHS = NO;
				CLANG_ANALYZER_NONNULL = YES;
				CLANG_ANALYZER_NUMBER_OBJECT_CONVERSION = YES_AGGRESSIVE;
				CLANG_CXX_LANGUAGE_STANDARD = "gnu++20";
				CLANG_ENABLE_MODULES = YES;
				CLANG_ENABLE_OBJC_ARC = YES;
				CLANG_ENABLE_OBJC_WEAK = YES;
				CLANG_WARN_BLOCK_CAPTURE_AUTORELEASING = YES;
				CLANG_WARN_BOOL_CONVERSION = YES;
				CLANG_WARN_COMMA = YES;
				CLANG_WARN_CONSTANT_CONVERSION = YES;
				CLANG_WARN_DEPRECATED_OBJC_IMPLEMENTATIONS = YES;
				CLANG_WARN_DIRECT_OBJC_ISA_USAGE = YES_ERROR;
				CLANG_WARN_DOCUMENTATION_COMMENTS = YES;
				CLANG_WARN_EMPTY_BODY = YES;
				CLANG_WARN_ENUM_CONVERSION = YES;
				CLANG_WARN_INFINITE_RECURSION = YES;
				CLANG_WARN_INT_CONVERSION = YES;
				CLANG_WARN_NON_LITERAL_NULL_CONVERSION = YES;
				CLANG_WARN_OBJC_IMPLICIT_RETAIN_SELF = YES;
				CLANG_WARN_OBJC_LITERAL_CONVERSION = YES;
				CLANG_WARN_OBJC_ROOT_CLASS = YES_ERROR;
				CLANG_WARN_QUOTED_INCLUDE_IN_FRAMEWORK_HEADER = YES;
				CLANG_WARN_RANGE_LOOP_ANALYSIS = YES;
				CLANG_WARN_STRICT_PROTOTYPES = YES;
				CLANG_WARN_SUSPICIOUS_MOVE = YES;
				CLANG_WARN_UNGUARDED_AVAILABILITY = YES_AGGRESSIVE;
				CLANG_WARN_UNREACHABLE_CODE = YES;
				CLANG_WARN__DUPLICATE_METHOD_MATCH = YES;
				COPY_PHASE_STRIP = NO;
				DEAD_CODE_STRIPPING = YES;
				DEBUG_INFORMATION_FORMAT = dwarf;
				ENABLE_STRICT_OBJC_MSGSEND = YES;
				ENABLE_TESTABILITY = YES;
				ENABLE_USER_SCRIPT_SANDBOXING = YES;
				GCC_C_LANGUAGE_STANDARD = gnu11;
				GCC_DYNAMIC_NO_PIC = NO;
				GCC_NO_COMMON_BLOCKS = YES;
				GCC_OPTIMIZATION_LEVEL = 0;
				GCC_PREPROCESSOR_DEFINITIONS = (
					"DEBUG=1",
					"$(inherited)",
				);
				GCC_WARN_64_TO_32_BIT_CONVERSION = YES;
				GCC_WARN_ABOUT_RETURN_TYPE = YES_ERROR;
				GCC_WARN_UNDECLARED_SELECTOR = YES;
				GCC_WARN_UNINITIALIZED_AUTOS = YES_AGGRESSIVE;
				GCC_WARN_UNUSED_FUNCTION = YES;
				GCC_WARN_UNUSED_VARIABLE = YES;
				MTL_ENABLE_DEBUG_INFO = INCLUDE_SOURCE;
				MTL_FAST_MATH = YES;
				ONLY_ACTIVE_ARCH = YES;
				SWIFT_ACTIVE_COMPILATION_CONDITIONS = DEBUG;
				SWIFT_OPTIMIZATION_LEVEL = "-Onone";
			};
			name = Debug;
		};
		FDE0973A2A5643F800102E96 /* Release */ = {
			isa = XCBuildConfiguration;
			buildSettings = {
				ALWAYS_SEARCH_USER_PATHS = NO;
				CLANG_ANALYZER_NONNULL = YES;
				CLANG_ANALYZER_NUMBER_OBJECT_CONVERSION = YES_AGGRESSIVE;
				CLANG_CXX_LANGUAGE_STANDARD = "gnu++20";
				CLANG_ENABLE_MODULES = YES;
				CLANG_ENABLE_OBJC_ARC = YES;
				CLANG_ENABLE_OBJC_WEAK = YES;
				CLANG_WARN_BLOCK_CAPTURE_AUTORELEASING = YES;
				CLANG_WARN_BOOL_CONVERSION = YES;
				CLANG_WARN_COMMA = YES;
				CLANG_WARN_CONSTANT_CONVERSION = YES;
				CLANG_WARN_DEPRECATED_OBJC_IMPLEMENTATIONS = YES;
				CLANG_WARN_DIRECT_OBJC_ISA_USAGE = YES_ERROR;
				CLANG_WARN_DOCUMENTATION_COMMENTS = YES;
				CLANG_WARN_EMPTY_BODY = YES;
				CLANG_WARN_ENUM_CONVERSION = YES;
				CLANG_WARN_INFINITE_RECURSION = YES;
				CLANG_WARN_INT_CONVERSION = YES;
				CLANG_WARN_NON_LITERAL_NULL_CONVERSION = YES;
				CLANG_WARN_OBJC_IMPLICIT_RETAIN_SELF = YES;
				CLANG_WARN_OBJC_LITERAL_CONVERSION = YES;
				CLANG_WARN_OBJC_ROOT_CLASS = YES_ERROR;
				CLANG_WARN_QUOTED_INCLUDE_IN_FRAMEWORK_HEADER = YES;
				CLANG_WARN_RANGE_LOOP_ANALYSIS = YES;
				CLANG_WARN_STRICT_PROTOTYPES = YES;
				CLANG_WARN_SUSPICIOUS_MOVE = YES;
				CLANG_WARN_UNGUARDED_AVAILABILITY = YES_AGGRESSIVE;
				CLANG_WARN_UNREACHABLE_CODE = YES;
				CLANG_WARN__DUPLICATE_METHOD_MATCH = YES;
				COPY_PHASE_STRIP = NO;
				DEAD_CODE_STRIPPING = YES;
				DEBUG_INFORMATION_FORMAT = "dwarf-with-dsym";
				ENABLE_NS_ASSERTIONS = NO;
				ENABLE_STRICT_OBJC_MSGSEND = YES;
				ENABLE_USER_SCRIPT_SANDBOXING = YES;
				GCC_C_LANGUAGE_STANDARD = gnu11;
				GCC_NO_COMMON_BLOCKS = YES;
				GCC_WARN_64_TO_32_BIT_CONVERSION = YES;
				GCC_WARN_ABOUT_RETURN_TYPE = YES_ERROR;
				GCC_WARN_UNDECLARED_SELECTOR = YES;
				GCC_WARN_UNINITIALIZED_AUTOS = YES_AGGRESSIVE;
				GCC_WARN_UNUSED_FUNCTION = YES;
				GCC_WARN_UNUSED_VARIABLE = YES;
				MTL_ENABLE_DEBUG_INFO = NO;
				MTL_FAST_MATH = YES;
				SWIFT_COMPILATION_MODE = wholemodule;
				SWIFT_OPTIMIZATION_LEVEL = "-O";
			};
			name = Release;
		};
		FDE0973C2A5643F800102E96 /* Debug */ = {
			isa = XCBuildConfiguration;
			buildSettings = {
				ASSETCATALOG_COMPILER_APPICON_NAME = AppIcon;
				ASSETCATALOG_COMPILER_GLOBAL_ACCENT_COLOR_NAME = AccentColor;
				CODE_SIGN_ENTITLEMENTS = "Flight Tracer/Flight_Tracer.entitlements";
				CODE_SIGN_STYLE = Automatic;
				CURRENT_PROJECT_VERSION = 1;
				DEAD_CODE_STRIPPING = YES;
				DEVELOPMENT_ASSET_PATHS = "\"Flight Tracer/Preview Content\"";
				DEVELOPMENT_TEAM = FCQ8S8M7W8;
				ENABLE_HARDENED_RUNTIME = YES;
				"ENABLE_HARDENED_RUNTIME[sdk=macosx*]" = YES;
				ENABLE_PREVIEWS = YES;
				GENERATE_INFOPLIST_FILE = YES;
				INFOPLIST_FILE = "Flight-Tracer-Info.plist";
				INFOPLIST_KEY_NSCameraUsageDescription = "Used to take pictures of flight logs from phone";
				INFOPLIST_KEY_NSPhotoLibraryUsageDescription = "\"does stuff\"";
				"INFOPLIST_KEY_UIApplicationSceneManifest_Generation[sdk=iphoneos*]" = YES;
				"INFOPLIST_KEY_UIApplicationSceneManifest_Generation[sdk=iphonesimulator*]" = YES;
				"INFOPLIST_KEY_UIApplicationSupportsIndirectInputEvents[sdk=iphoneos*]" = YES;
				"INFOPLIST_KEY_UIApplicationSupportsIndirectInputEvents[sdk=iphonesimulator*]" = YES;
				"INFOPLIST_KEY_UILaunchScreen_Generation[sdk=iphoneos*]" = YES;
				"INFOPLIST_KEY_UILaunchScreen_Generation[sdk=iphonesimulator*]" = YES;
				"INFOPLIST_KEY_UIStatusBarStyle[sdk=iphoneos*]" = UIStatusBarStyleDefault;
				"INFOPLIST_KEY_UIStatusBarStyle[sdk=iphonesimulator*]" = UIStatusBarStyleDefault;
				INFOPLIST_KEY_UISupportedInterfaceOrientations_iPad = "UIInterfaceOrientationPortrait UIInterfaceOrientationPortraitUpsideDown UIInterfaceOrientationLandscapeLeft UIInterfaceOrientationLandscapeRight";
				INFOPLIST_KEY_UISupportedInterfaceOrientations_iPhone = "UIInterfaceOrientationPortrait UIInterfaceOrientationLandscapeLeft UIInterfaceOrientationLandscapeRight";
				INFOPLIST_KEY_UIUserInterfaceStyle = Light;
				IPHONEOS_DEPLOYMENT_TARGET = 17.0;
				LD_RUNPATH_SEARCH_PATHS = "@executable_path/Frameworks";
				"LD_RUNPATH_SEARCH_PATHS[sdk=macosx*]" = "@executable_path/../Frameworks";
				MACOSX_DEPLOYMENT_TARGET = 13.1;
				MARKETING_VERSION = 1.0;
				PRODUCT_BUNDLE_IDENTIFIER = "wilburenterprises.Flight-Tracer1";
				PRODUCT_NAME = "$(TARGET_NAME)";
				SDKROOT = macosx;
				SUPPORTED_PLATFORMS = "iphoneos iphonesimulator macosx";
				SWIFT_EMIT_LOC_STRINGS = YES;
				SWIFT_VERSION = 5.0;
				TARGETED_DEVICE_FAMILY = "1,2";
			};
			name = Debug;
		};
		FDE0973D2A5643F800102E96 /* Release */ = {
			isa = XCBuildConfiguration;
			buildSettings = {
				ASSETCATALOG_COMPILER_APPICON_NAME = AppIcon;
				ASSETCATALOG_COMPILER_GLOBAL_ACCENT_COLOR_NAME = AccentColor;
				CODE_SIGN_ENTITLEMENTS = "Flight Tracer/Flight_Tracer.entitlements";
				CODE_SIGN_STYLE = Automatic;
				CURRENT_PROJECT_VERSION = 1;
				DEAD_CODE_STRIPPING = YES;
				DEVELOPMENT_ASSET_PATHS = "\"Flight Tracer/Preview Content\"";
				DEVELOPMENT_TEAM = FCQ8S8M7W8;
				ENABLE_HARDENED_RUNTIME = YES;
				"ENABLE_HARDENED_RUNTIME[sdk=macosx*]" = YES;
				ENABLE_PREVIEWS = YES;
				GENERATE_INFOPLIST_FILE = YES;
				INFOPLIST_FILE = "Flight-Tracer-Info.plist";
				INFOPLIST_KEY_NSCameraUsageDescription = "Used to take pictures of flight logs from phone";
				INFOPLIST_KEY_NSPhotoLibraryUsageDescription = "\"does stuff\"";
				"INFOPLIST_KEY_UIApplicationSceneManifest_Generation[sdk=iphoneos*]" = YES;
				"INFOPLIST_KEY_UIApplicationSceneManifest_Generation[sdk=iphonesimulator*]" = YES;
				"INFOPLIST_KEY_UIApplicationSupportsIndirectInputEvents[sdk=iphoneos*]" = YES;
				"INFOPLIST_KEY_UIApplicationSupportsIndirectInputEvents[sdk=iphonesimulator*]" = YES;
				"INFOPLIST_KEY_UILaunchScreen_Generation[sdk=iphoneos*]" = YES;
				"INFOPLIST_KEY_UILaunchScreen_Generation[sdk=iphonesimulator*]" = YES;
				"INFOPLIST_KEY_UIStatusBarStyle[sdk=iphoneos*]" = UIStatusBarStyleDefault;
				"INFOPLIST_KEY_UIStatusBarStyle[sdk=iphonesimulator*]" = UIStatusBarStyleDefault;
				INFOPLIST_KEY_UISupportedInterfaceOrientations_iPad = "UIInterfaceOrientationPortrait UIInterfaceOrientationPortraitUpsideDown UIInterfaceOrientationLandscapeLeft UIInterfaceOrientationLandscapeRight";
				INFOPLIST_KEY_UISupportedInterfaceOrientations_iPhone = "UIInterfaceOrientationPortrait UIInterfaceOrientationLandscapeLeft UIInterfaceOrientationLandscapeRight";
				INFOPLIST_KEY_UIUserInterfaceStyle = Light;
				IPHONEOS_DEPLOYMENT_TARGET = 17.0;
				LD_RUNPATH_SEARCH_PATHS = "@executable_path/Frameworks";
				"LD_RUNPATH_SEARCH_PATHS[sdk=macosx*]" = "@executable_path/../Frameworks";
				MACOSX_DEPLOYMENT_TARGET = 13.1;
				MARKETING_VERSION = 1.0;
				PRODUCT_BUNDLE_IDENTIFIER = "wilburenterprises.Flight-Tracer1";
				PRODUCT_NAME = "$(TARGET_NAME)";
				SDKROOT = macosx;
				SUPPORTED_PLATFORMS = "iphoneos iphonesimulator macosx";
				SWIFT_EMIT_LOC_STRINGS = YES;
				SWIFT_VERSION = 5.0;
				TARGETED_DEVICE_FAMILY = "1,2";
			};
			name = Release;
		};
		FDE0973F2A5643F800102E96 /* Debug */ = {
			isa = XCBuildConfiguration;
			buildSettings = {
				ALWAYS_EMBED_SWIFT_STANDARD_LIBRARIES = YES;
				BUNDLE_LOADER = "$(TEST_HOST)";
				CODE_SIGN_STYLE = Automatic;
				CURRENT_PROJECT_VERSION = 1;
				DEAD_CODE_STRIPPING = YES;
				DEVELOPMENT_TEAM = FCQ8S8M7W8;
				GENERATE_INFOPLIST_FILE = YES;
				IPHONEOS_DEPLOYMENT_TARGET = 16.2;
				MACOSX_DEPLOYMENT_TARGET = 13.1;
				MARKETING_VERSION = 1.0;
				PRODUCT_BUNDLE_IDENTIFIER = "wilburenterprises.Flight-TracerTests";
				PRODUCT_NAME = "$(TARGET_NAME)";
				SDKROOT = macosx;
				SUPPORTED_PLATFORMS = "iphoneos iphonesimulator macosx";
				SWIFT_EMIT_LOC_STRINGS = NO;
				SWIFT_VERSION = 5.0;
				TARGETED_DEVICE_FAMILY = "1,2";
				TEST_HOST = "$(BUILT_PRODUCTS_DIR)/Flight Tracer.app/$(BUNDLE_EXECUTABLE_FOLDER_PATH)/Flight Tracer";
			};
			name = Debug;
		};
		FDE097402A5643F800102E96 /* Release */ = {
			isa = XCBuildConfiguration;
			buildSettings = {
				ALWAYS_EMBED_SWIFT_STANDARD_LIBRARIES = YES;
				BUNDLE_LOADER = "$(TEST_HOST)";
				CODE_SIGN_STYLE = Automatic;
				CURRENT_PROJECT_VERSION = 1;
				DEAD_CODE_STRIPPING = YES;
				DEVELOPMENT_TEAM = FCQ8S8M7W8;
				GENERATE_INFOPLIST_FILE = YES;
				IPHONEOS_DEPLOYMENT_TARGET = 16.2;
				MACOSX_DEPLOYMENT_TARGET = 13.1;
				MARKETING_VERSION = 1.0;
				PRODUCT_BUNDLE_IDENTIFIER = "wilburenterprises.Flight-TracerTests";
				PRODUCT_NAME = "$(TARGET_NAME)";
				SDKROOT = macosx;
				SUPPORTED_PLATFORMS = "iphoneos iphonesimulator macosx";
				SWIFT_EMIT_LOC_STRINGS = NO;
				SWIFT_VERSION = 5.0;
				TARGETED_DEVICE_FAMILY = "1,2";
				TEST_HOST = "$(BUILT_PRODUCTS_DIR)/Flight Tracer.app/$(BUNDLE_EXECUTABLE_FOLDER_PATH)/Flight Tracer";
			};
			name = Release;
		};
		FDE097422A5643F800102E96 /* Debug */ = {
			isa = XCBuildConfiguration;
			buildSettings = {
				ALWAYS_EMBED_SWIFT_STANDARD_LIBRARIES = YES;
				CODE_SIGN_STYLE = Automatic;
				CURRENT_PROJECT_VERSION = 1;
				DEAD_CODE_STRIPPING = YES;
				DEVELOPMENT_TEAM = FCQ8S8M7W8;
				GENERATE_INFOPLIST_FILE = YES;
				IPHONEOS_DEPLOYMENT_TARGET = 16.2;
				MACOSX_DEPLOYMENT_TARGET = 13.1;
				MARKETING_VERSION = 1.0;
				PRODUCT_BUNDLE_IDENTIFIER = "wilburenterprises.Flight-TracerUITests";
				PRODUCT_NAME = "$(TARGET_NAME)";
				SDKROOT = macosx;
				SUPPORTED_PLATFORMS = "iphoneos iphonesimulator macosx";
				SWIFT_EMIT_LOC_STRINGS = NO;
				SWIFT_VERSION = 5.0;
				TARGETED_DEVICE_FAMILY = "1,2";
				TEST_TARGET_NAME = "Flight Tracer";
			};
			name = Debug;
		};
		FDE097432A5643F800102E96 /* Release */ = {
			isa = XCBuildConfiguration;
			buildSettings = {
				ALWAYS_EMBED_SWIFT_STANDARD_LIBRARIES = YES;
				CODE_SIGN_STYLE = Automatic;
				CURRENT_PROJECT_VERSION = 1;
				DEAD_CODE_STRIPPING = YES;
				DEVELOPMENT_TEAM = FCQ8S8M7W8;
				GENERATE_INFOPLIST_FILE = YES;
				IPHONEOS_DEPLOYMENT_TARGET = 16.2;
				MACOSX_DEPLOYMENT_TARGET = 13.1;
				MARKETING_VERSION = 1.0;
				PRODUCT_BUNDLE_IDENTIFIER = "wilburenterprises.Flight-TracerUITests";
				PRODUCT_NAME = "$(TARGET_NAME)";
				SDKROOT = macosx;
				SUPPORTED_PLATFORMS = "iphoneos iphonesimulator macosx";
				SWIFT_EMIT_LOC_STRINGS = NO;
				SWIFT_VERSION = 5.0;
				TARGETED_DEVICE_FAMILY = "1,2";
				TEST_TARGET_NAME = "Flight Tracer";
			};
			name = Release;
		};
/* End XCBuildConfiguration section */

/* Begin XCConfigurationList section */
		FDE097112A5643EA00102E96 /* Build configuration list for PBXProject "Flight Tracer" */ = {
			isa = XCConfigurationList;
			buildConfigurations = (
				FDE097392A5643F800102E96 /* Debug */,
				FDE0973A2A5643F800102E96 /* Release */,
			);
			defaultConfigurationIsVisible = 0;
			defaultConfigurationName = Release;
		};
		FDE0973B2A5643F800102E96 /* Build configuration list for PBXNativeTarget "Flight Tracer" */ = {
			isa = XCConfigurationList;
			buildConfigurations = (
				FDE0973C2A5643F800102E96 /* Debug */,
				FDE0973D2A5643F800102E96 /* Release */,
			);
			defaultConfigurationIsVisible = 0;
			defaultConfigurationName = Release;
		};
		FDE0973E2A5643F800102E96 /* Build configuration list for PBXNativeTarget "Flight TracerTests" */ = {
			isa = XCConfigurationList;
			buildConfigurations = (
				FDE0973F2A5643F800102E96 /* Debug */,
				FDE097402A5643F800102E96 /* Release */,
			);
			defaultConfigurationIsVisible = 0;
			defaultConfigurationName = Release;
		};
		FDE097412A5643F800102E96 /* Build configuration list for PBXNativeTarget "Flight TracerUITests" */ = {
			isa = XCConfigurationList;
			buildConfigurations = (
				FDE097422A5643F800102E96 /* Debug */,
				FDE097432A5643F800102E96 /* Release */,
			);
			defaultConfigurationIsVisible = 0;
			defaultConfigurationName = Release;
		};
/* End XCConfigurationList section */

/* Begin XCRemoteSwiftPackageReference section */
		D83C3CED2B13ACF80094EEAE /* XCRemoteSwiftPackageReference "firebase-ios-sdk" */ = {
			isa = XCRemoteSwiftPackageReference;
			repositoryURL = "https://github.com/firebase/firebase-ios-sdk";
			requirement = {
				kind = upToNextMajorVersion;
				minimumVersion = 10.18.0;
			};
		};
		D83C3CF42B13B6F70094EEAE /* XCRemoteSwiftPackageReference "FirebaseUI-iOS" */ = {
			isa = XCRemoteSwiftPackageReference;
			repositoryURL = "https://github.com/firebase/FirebaseUI-iOS";
			requirement = {
				kind = upToNextMajorVersion;
				minimumVersion = 12.0.0;
			};
		};
/* End XCRemoteSwiftPackageReference section */

/* Begin XCSwiftPackageProductDependency section */
		D83C3CEE2B13ACF80094EEAE /* FirebaseAuth */ = {
			isa = XCSwiftPackageProductDependency;
			package = D83C3CED2B13ACF80094EEAE /* XCRemoteSwiftPackageReference "firebase-ios-sdk" */;
			productName = FirebaseAuth;
		};
		D83C3CF52B13B6F70094EEAE /* FirebaseAuthUI */ = {
			isa = XCSwiftPackageProductDependency;
			package = D83C3CF42B13B6F70094EEAE /* XCRemoteSwiftPackageReference "FirebaseUI-iOS" */;
			productName = FirebaseAuthUI;
		};
		D83C3CF72B13B6F70094EEAE /* FirebaseEmailAuthUI */ = {
			isa = XCSwiftPackageProductDependency;
			package = D83C3CF42B13B6F70094EEAE /* XCRemoteSwiftPackageReference "FirebaseUI-iOS" */;
			productName = FirebaseEmailAuthUI;
		};
		D83C3CF92B13B6F70094EEAE /* FirebaseGoogleAuthUI */ = {
			isa = XCSwiftPackageProductDependency;
			package = D83C3CF42B13B6F70094EEAE /* XCRemoteSwiftPackageReference "FirebaseUI-iOS" */;
			productName = FirebaseGoogleAuthUI;
		};
		D83C3CFB2B13B6F70094EEAE /* FirebaseOAuthUI */ = {
			isa = XCSwiftPackageProductDependency;
			package = D83C3CF42B13B6F70094EEAE /* XCRemoteSwiftPackageReference "FirebaseUI-iOS" */;
			productName = FirebaseOAuthUI;
		};
/* End XCSwiftPackageProductDependency section */
	};
	rootObject = FDE0970E2A5643EA00102E96 /* Project object */;
}
